// !$*UTF8*$!
{
	archiveVersion = 1;
	classes = {
	};
	objectVersion = 52;
	objects = {

/* Begin PBXBuildFile section */
		9F80726B26C69B5A00682004 /* WeatherDailyViewModel.swift in Sources */ = {isa = PBXBuildFile; fileRef = 9F80726A26C69B5A00682004 /* WeatherDailyViewModel.swift */; };
		9F80726E26C6BEF500682004 /* SubInfoCollectionView.swift in Sources */ = {isa = PBXBuildFile; fileRef = 9F80726D26C6BEF500682004 /* SubInfoCollectionView.swift */; };
		9F80727026C6BF1600682004 /* SubInfoCollectionCell.swift in Sources */ = {isa = PBXBuildFile; fileRef = 9F80726F26C6BF1600682004 /* SubInfoCollectionCell.swift */; };
		9F80727226C6D3AD00682004 /* WeatherInfoViewModel.swift in Sources */ = {isa = PBXBuildFile; fileRef = 9F80727126C6D3AD00682004 /* WeatherInfoViewModel.swift */; };
		9F80727526C7D7C200682004 /* Toolbar.swift in Sources */ = {isa = PBXBuildFile; fileRef = 9F80727426C7D7C200682004 /* Toolbar.swift */; };
		9F80728D26C8344C00682004 /* UITableView.swift in Sources */ = {isa = PBXBuildFile; fileRef = 9F80728C26C8344C00682004 /* UITableView.swift */; };
		9F80729026C84D3D00682004 /* Location.swift in Sources */ = {isa = PBXBuildFile; fileRef = 9F80728F26C84D3D00682004 /* Location.swift */; };
		9F80729826C8F0E500682004 /* SettingProtocol.swift in Sources */ = {isa = PBXBuildFile; fileRef = 9F80729326C8F0E500682004 /* SettingProtocol.swift */; };
		9F80729926C8F0E500682004 /* SettingPresenter.swift in Sources */ = {isa = PBXBuildFile; fileRef = 9F80729426C8F0E500682004 /* SettingPresenter.swift */; };
		9F80729A26C8F0E500682004 /* SettingRouter.swift in Sources */ = {isa = PBXBuildFile; fileRef = 9F80729526C8F0E500682004 /* SettingRouter.swift */; };
		9F80729B26C8F0E500682004 /* SettingViewController.swift in Sources */ = {isa = PBXBuildFile; fileRef = 9F80729626C8F0E500682004 /* SettingViewController.swift */; };
		9F80729C26C8F0E500682004 /* SettingInteractor.swift in Sources */ = {isa = PBXBuildFile; fileRef = 9F80729726C8F0E500682004 /* SettingInteractor.swift */; };
		9F80729F26CA2B3600682004 /* TransitionType.swift in Sources */ = {isa = PBXBuildFile; fileRef = 9F80729E26CA2B3600682004 /* TransitionType.swift */; };
		9F8072A126CA2B8200682004 /* BaseRouter.swift in Sources */ = {isa = PBXBuildFile; fileRef = 9F8072A026CA2B8200682004 /* BaseRouter.swift */; };
		9F8072A326CA300000682004 /* BaseViewController.swift in Sources */ = {isa = PBXBuildFile; fileRef = 9F8072A226CA300000682004 /* BaseViewController.swift */; };
		9FB730EB26C3A6EC00A719F5 /* AppDelegate.swift in Sources */ = {isa = PBXBuildFile; fileRef = 9FB730EA26C3A6EC00A719F5 /* AppDelegate.swift */; };
		9FB730ED26C3A6EC00A719F5 /* SceneDelegate.swift in Sources */ = {isa = PBXBuildFile; fileRef = 9FB730EC26C3A6EC00A719F5 /* SceneDelegate.swift */; };
		9FB730F726C3A6EE00A719F5 /* Assets.xcassets in Resources */ = {isa = PBXBuildFile; fileRef = 9FB730F626C3A6EE00A719F5 /* Assets.xcassets */; };
		9FB730FA26C3A6EE00A719F5 /* LaunchScreen.storyboard in Resources */ = {isa = PBXBuildFile; fileRef = 9FB730F826C3A6EE00A719F5 /* LaunchScreen.storyboard */; };
		9FB7312926C3AD3100A719F5 /* MainProtocol.swift in Sources */ = {isa = PBXBuildFile; fileRef = 9FB7312426C3AD3100A719F5 /* MainProtocol.swift */; };
		9FB7312A26C3AD3100A719F5 /* MainPresenter.swift in Sources */ = {isa = PBXBuildFile; fileRef = 9FB7312526C3AD3100A719F5 /* MainPresenter.swift */; };
		9FB7312B26C3AD3100A719F5 /* MainRouter.swift in Sources */ = {isa = PBXBuildFile; fileRef = 9FB7312626C3AD3100A719F5 /* MainRouter.swift */; };
		9FB7312C26C3AD3100A719F5 /* MainViewController.swift in Sources */ = {isa = PBXBuildFile; fileRef = 9FB7312726C3AD3100A719F5 /* MainViewController.swift */; };
		9FB7312D26C3AD3100A719F5 /* MainInteractor.swift in Sources */ = {isa = PBXBuildFile; fileRef = 9FB7312826C3AD3100A719F5 /* MainInteractor.swift */; };
		9FB7313026C3B48700A719F5 /* UIView+LayoutAnchor.swift in Sources */ = {isa = PBXBuildFile; fileRef = 9FB7312F26C3B48700A719F5 /* UIView+LayoutAnchor.swift */; };
		9FB7313226C3B4A300A719F5 /* UIView+Subviews.swift in Sources */ = {isa = PBXBuildFile; fileRef = 9FB7313126C3B4A300A719F5 /* UIView+Subviews.swift */; };
		9FB7313826C3BB5000A719F5 /* UIFont.swift in Sources */ = {isa = PBXBuildFile; fileRef = 9FB7313726C3BB5000A719F5 /* UIFont.swift */; };
		9FB7313B26C3BCAB00A719F5 /* UIColor.swift in Sources */ = {isa = PBXBuildFile; fileRef = 9FB7313A26C3BCAB00A719F5 /* UIColor.swift */; };
		9FB7313D26C3C30E00A719F5 /* HeaderView.swift in Sources */ = {isa = PBXBuildFile; fileRef = 9FB7313C26C3C30E00A719F5 /* HeaderView.swift */; };
		9FB7314726C3EB2500A719F5 /* Then in Frameworks */ = {isa = PBXBuildFile; productRef = 9FB7314626C3EB2500A719F5 /* Then */; };
		9FB7314A26C3F59E00A719F5 /* WeatherServiceError.swift in Sources */ = {isa = PBXBuildFile; fileRef = 9FB7314926C3F59E00A719F5 /* WeatherServiceError.swift */; };
		9FB7314C26C3F5DB00A719F5 /* WeatherServiceType.swift in Sources */ = {isa = PBXBuildFile; fileRef = 9FB7314B26C3F5DB00A719F5 /* WeatherServiceType.swift */; };
		9FB7314E26C3F61F00A719F5 /* WeatherService.swift in Sources */ = {isa = PBXBuildFile; fileRef = 9FB7314D26C3F61F00A719F5 /* WeatherService.swift */; };
		9FB7315226C3FBE800A719F5 /* Double.swift in Sources */ = {isa = PBXBuildFile; fileRef = 9FB7315126C3FBE800A719F5 /* Double.swift */; };
		9FB7315426C3FBF900A719F5 /* Int.swift in Sources */ = {isa = PBXBuildFile; fileRef = 9FB7315326C3FBF900A719F5 /* Int.swift */; };
		9FB7315626C40E5C00A719F5 /* WeatherResponse.swift in Sources */ = {isa = PBXBuildFile; fileRef = 9FB7315526C40E5B00A719F5 /* WeatherResponse.swift */; };
		9FB7315926C4130400A719F5 /* Date.swift in Sources */ = {isa = PBXBuildFile; fileRef = 9FB7315826C4130400A719F5 /* Date.swift */; };
		9FB7315D26C4396900A719F5 /* WeatherConverter.swift in Sources */ = {isa = PBXBuildFile; fileRef = 9FB7315C26C4396900A719F5 /* WeatherConverter.swift */; };
		9FB7316826C4632900A719F5 /* WeatherServiceTests.swift in Sources */ = {isa = PBXBuildFile; fileRef = 9FB7316726C4632900A719F5 /* WeatherServiceTests.swift */; };
		9FB7316B26C464EA00A719F5 /* testWeatherData.json in Resources */ = {isa = PBXBuildFile; fileRef = 9FB7316A26C464EA00A719F5 /* testWeatherData.json */; };
		9FB7316D26C465FF00A719F5 /* MockWeatherService.swift in Sources */ = {isa = PBXBuildFile; fileRef = 9FB7316C26C465FF00A719F5 /* MockWeatherService.swift */; };
		9FB7316F26C4693100A719F5 /* StubData.swift in Sources */ = {isa = PBXBuildFile; fileRef = 9FB7316E26C4693100A719F5 /* StubData.swift */; };
		9FB7317226C46FF800A719F5 /* Realm in Frameworks */ = {isa = PBXBuildFile; productRef = 9FB7317126C46FF800A719F5 /* Realm */; };
		9FB7317426C46FF800A719F5 /* RealmSwift in Frameworks */ = {isa = PBXBuildFile; productRef = 9FB7317326C46FF800A719F5 /* RealmSwift */; };
		9FB7317626C4703800A719F5 /* LocalWeather.swift in Sources */ = {isa = PBXBuildFile; fileRef = 9FB7317526C4703800A719F5 /* LocalWeather.swift */; };
		9FB7317826C4709900A719F5 /* User.swift in Sources */ = {isa = PBXBuildFile; fileRef = 9FB7317726C4709900A719F5 /* User.swift */; };
		9FB7317A26C4719600A719F5 /* RealmManager.swift in Sources */ = {isa = PBXBuildFile; fileRef = 9FB7317926C4719600A719F5 /* RealmManager.swift */; };
		9FB7317D26C50C0800A719F5 /* CollectionView.swift in Sources */ = {isa = PBXBuildFile; fileRef = 9FB7317C26C50C0800A719F5 /* CollectionView.swift */; };
		9FB7318326C5103100A719F5 /* HourlyCollectionReusableView.swift in Sources */ = {isa = PBXBuildFile; fileRef = 9FB7318226C5103100A719F5 /* HourlyCollectionReusableView.swift */; };
		9FB7318526C5105900A719F5 /* DailyViewCell.swift in Sources */ = {isa = PBXBuildFile; fileRef = 9FB7318426C5105900A719F5 /* DailyViewCell.swift */; };
		9FB7318726C5108200A719F5 /* SummaryCell.swift in Sources */ = {isa = PBXBuildFile; fileRef = 9FB7318626C5108200A719F5 /* SummaryCell.swift */; };
		9FB7318926C510A800A719F5 /* SubInfoCell.swift in Sources */ = {isa = PBXBuildFile; fileRef = 9FB7318826C510A800A719F5 /* SubInfoCell.swift */; };
		9FB7318C26C5119F00A719F5 /* UICollectionView.swift in Sources */ = {isa = PBXBuildFile; fileRef = 9FB7318B26C5119F00A719F5 /* UICollectionView.swift */; };
		9FB7318F26C517D600A719F5 /* SeparateLineView.swift in Sources */ = {isa = PBXBuildFile; fileRef = 9FB7318E26C517D600A719F5 /* SeparateLineView.swift */; };
		9FB7319126C51AF700A719F5 /* HourlyCollectionView.swift in Sources */ = {isa = PBXBuildFile; fileRef = 9FB7319026C51AF700A719F5 /* HourlyCollectionView.swift */; };
		9FB7319326C51CEC00A719F5 /* HourlyCollectionCell.swift in Sources */ = {isa = PBXBuildFile; fileRef = 9FB7319226C51CEC00A719F5 /* HourlyCollectionCell.swift */; };
		9FB7319526C587A800A719F5 /* WeatherViewModel.swift in Sources */ = {isa = PBXBuildFile; fileRef = 9FB7319426C587A800A719F5 /* WeatherViewModel.swift */; };
		9FB7319A26C63E8200A719F5 /* DailyCollectionView.swift in Sources */ = {isa = PBXBuildFile; fileRef = 9FB7319926C63E8200A719F5 /* DailyCollectionView.swift */; };
		9FB7319C26C63F0F00A719F5 /* DailyCollectionCell.swift in Sources */ = {isa = PBXBuildFile; fileRef = 9FB7319B26C63F0F00A719F5 /* DailyCollectionCell.swift */; };
/* End PBXBuildFile section */

/* Begin PBXContainerItemProxy section */
		9FB7310126C3A6EE00A719F5 /* PBXContainerItemProxy */ = {
			isa = PBXContainerItemProxy;
			containerPortal = 9FB730DF26C3A6EC00A719F5 /* Project object */;
			proxyType = 1;
			remoteGlobalIDString = 9FB730E626C3A6EC00A719F5;
			remoteInfo = Weather;
		};
/* End PBXContainerItemProxy section */

/* Begin PBXFileReference section */
		9F80726A26C69B5A00682004 /* WeatherDailyViewModel.swift */ = {isa = PBXFileReference; lastKnownFileType = sourcecode.swift; path = WeatherDailyViewModel.swift; sourceTree = "<group>"; };
		9F80726D26C6BEF500682004 /* SubInfoCollectionView.swift */ = {isa = PBXFileReference; lastKnownFileType = sourcecode.swift; path = SubInfoCollectionView.swift; sourceTree = "<group>"; };
		9F80726F26C6BF1600682004 /* SubInfoCollectionCell.swift */ = {isa = PBXFileReference; lastKnownFileType = sourcecode.swift; path = SubInfoCollectionCell.swift; sourceTree = "<group>"; };
		9F80727126C6D3AD00682004 /* WeatherInfoViewModel.swift */ = {isa = PBXFileReference; lastKnownFileType = sourcecode.swift; path = WeatherInfoViewModel.swift; sourceTree = "<group>"; };
		9F80727426C7D7C200682004 /* Toolbar.swift */ = {isa = PBXFileReference; lastKnownFileType = sourcecode.swift; path = Toolbar.swift; sourceTree = "<group>"; };
		9F80728C26C8344C00682004 /* UITableView.swift */ = {isa = PBXFileReference; lastKnownFileType = sourcecode.swift; path = UITableView.swift; sourceTree = "<group>"; };
		9F80728F26C84D3D00682004 /* Location.swift */ = {isa = PBXFileReference; lastKnownFileType = sourcecode.swift; path = Location.swift; sourceTree = "<group>"; };
		9F80729326C8F0E500682004 /* SettingProtocol.swift */ = {isa = PBXFileReference; lastKnownFileType = sourcecode.swift; path = SettingProtocol.swift; sourceTree = "<group>"; };
		9F80729426C8F0E500682004 /* SettingPresenter.swift */ = {isa = PBXFileReference; lastKnownFileType = sourcecode.swift; path = SettingPresenter.swift; sourceTree = "<group>"; };
		9F80729526C8F0E500682004 /* SettingRouter.swift */ = {isa = PBXFileReference; lastKnownFileType = sourcecode.swift; path = SettingRouter.swift; sourceTree = "<group>"; };
		9F80729626C8F0E500682004 /* SettingViewController.swift */ = {isa = PBXFileReference; lastKnownFileType = sourcecode.swift; path = SettingViewController.swift; sourceTree = "<group>"; };
		9F80729726C8F0E500682004 /* SettingInteractor.swift */ = {isa = PBXFileReference; lastKnownFileType = sourcecode.swift; path = SettingInteractor.swift; sourceTree = "<group>"; };
		9F80729E26CA2B3600682004 /* TransitionType.swift */ = {isa = PBXFileReference; lastKnownFileType = sourcecode.swift; path = TransitionType.swift; sourceTree = "<group>"; };
		9F8072A026CA2B8200682004 /* BaseRouter.swift */ = {isa = PBXFileReference; lastKnownFileType = sourcecode.swift; path = BaseRouter.swift; sourceTree = "<group>"; };
		9F8072A226CA300000682004 /* BaseViewController.swift */ = {isa = PBXFileReference; lastKnownFileType = sourcecode.swift; path = BaseViewController.swift; sourceTree = "<group>"; };
		9FB730E726C3A6EC00A719F5 /* Weather.app */ = {isa = PBXFileReference; explicitFileType = wrapper.application; includeInIndex = 0; path = Weather.app; sourceTree = BUILT_PRODUCTS_DIR; };
		9FB730EA26C3A6EC00A719F5 /* AppDelegate.swift */ = {isa = PBXFileReference; lastKnownFileType = sourcecode.swift; path = AppDelegate.swift; sourceTree = "<group>"; };
		9FB730EC26C3A6EC00A719F5 /* SceneDelegate.swift */ = {isa = PBXFileReference; lastKnownFileType = sourcecode.swift; path = SceneDelegate.swift; sourceTree = "<group>"; };
		9FB730F626C3A6EE00A719F5 /* Assets.xcassets */ = {isa = PBXFileReference; lastKnownFileType = folder.assetcatalog; path = Assets.xcassets; sourceTree = "<group>"; };
		9FB730F926C3A6EE00A719F5 /* Base */ = {isa = PBXFileReference; lastKnownFileType = file.storyboard; name = Base; path = Base.lproj/LaunchScreen.storyboard; sourceTree = "<group>"; };
		9FB730FB26C3A6EE00A719F5 /* Info.plist */ = {isa = PBXFileReference; lastKnownFileType = text.plist.xml; path = Info.plist; sourceTree = "<group>"; };
		9FB7310026C3A6EE00A719F5 /* WeatherTests.xctest */ = {isa = PBXFileReference; explicitFileType = wrapper.cfbundle; includeInIndex = 0; path = WeatherTests.xctest; sourceTree = BUILT_PRODUCTS_DIR; };
		9FB7310626C3A6EE00A719F5 /* Info.plist */ = {isa = PBXFileReference; lastKnownFileType = text.plist.xml; path = Info.plist; sourceTree = "<group>"; };
		9FB7312426C3AD3100A719F5 /* MainProtocol.swift */ = {isa = PBXFileReference; lastKnownFileType = sourcecode.swift; path = MainProtocol.swift; sourceTree = "<group>"; };
		9FB7312526C3AD3100A719F5 /* MainPresenter.swift */ = {isa = PBXFileReference; lastKnownFileType = sourcecode.swift; path = MainPresenter.swift; sourceTree = "<group>"; };
		9FB7312626C3AD3100A719F5 /* MainRouter.swift */ = {isa = PBXFileReference; lastKnownFileType = sourcecode.swift; path = MainRouter.swift; sourceTree = "<group>"; };
		9FB7312726C3AD3100A719F5 /* MainViewController.swift */ = {isa = PBXFileReference; lastKnownFileType = sourcecode.swift; path = MainViewController.swift; sourceTree = "<group>"; };
		9FB7312826C3AD3100A719F5 /* MainInteractor.swift */ = {isa = PBXFileReference; lastKnownFileType = sourcecode.swift; path = MainInteractor.swift; sourceTree = "<group>"; };
		9FB7312F26C3B48700A719F5 /* UIView+LayoutAnchor.swift */ = {isa = PBXFileReference; lastKnownFileType = sourcecode.swift; path = "UIView+LayoutAnchor.swift"; sourceTree = "<group>"; };
		9FB7313126C3B4A300A719F5 /* UIView+Subviews.swift */ = {isa = PBXFileReference; lastKnownFileType = sourcecode.swift; path = "UIView+Subviews.swift"; sourceTree = "<group>"; };
		9FB7313726C3BB5000A719F5 /* UIFont.swift */ = {isa = PBXFileReference; lastKnownFileType = sourcecode.swift; path = UIFont.swift; sourceTree = "<group>"; };
		9FB7313A26C3BCAB00A719F5 /* UIColor.swift */ = {isa = PBXFileReference; lastKnownFileType = sourcecode.swift; path = UIColor.swift; sourceTree = "<group>"; };
		9FB7313C26C3C30E00A719F5 /* HeaderView.swift */ = {isa = PBXFileReference; lastKnownFileType = sourcecode.swift; path = HeaderView.swift; sourceTree = "<group>"; };
		9FB7314926C3F59E00A719F5 /* WeatherServiceError.swift */ = {isa = PBXFileReference; lastKnownFileType = sourcecode.swift; path = WeatherServiceError.swift; sourceTree = "<group>"; };
		9FB7314B26C3F5DB00A719F5 /* WeatherServiceType.swift */ = {isa = PBXFileReference; lastKnownFileType = sourcecode.swift; path = WeatherServiceType.swift; sourceTree = "<group>"; };
		9FB7314D26C3F61F00A719F5 /* WeatherService.swift */ = {isa = PBXFileReference; lastKnownFileType = sourcecode.swift; path = WeatherService.swift; sourceTree = "<group>"; };
		9FB7315126C3FBE800A719F5 /* Double.swift */ = {isa = PBXFileReference; lastKnownFileType = sourcecode.swift; path = Double.swift; sourceTree = "<group>"; };
		9FB7315326C3FBF900A719F5 /* Int.swift */ = {isa = PBXFileReference; lastKnownFileType = sourcecode.swift; path = Int.swift; sourceTree = "<group>"; };
		9FB7315526C40E5B00A719F5 /* WeatherResponse.swift */ = {isa = PBXFileReference; lastKnownFileType = sourcecode.swift; path = WeatherResponse.swift; sourceTree = "<group>"; };
		9FB7315826C4130400A719F5 /* Date.swift */ = {isa = PBXFileReference; lastKnownFileType = sourcecode.swift; path = Date.swift; sourceTree = "<group>"; };
		9FB7315C26C4396900A719F5 /* WeatherConverter.swift */ = {isa = PBXFileReference; lastKnownFileType = sourcecode.swift; path = WeatherConverter.swift; sourceTree = "<group>"; };
		9FB7316726C4632900A719F5 /* WeatherServiceTests.swift */ = {isa = PBXFileReference; lastKnownFileType = sourcecode.swift; path = WeatherServiceTests.swift; sourceTree = "<group>"; };
		9FB7316A26C464EA00A719F5 /* testWeatherData.json */ = {isa = PBXFileReference; fileEncoding = 4; lastKnownFileType = text.json; path = testWeatherData.json; sourceTree = "<group>"; };
		9FB7316C26C465FF00A719F5 /* MockWeatherService.swift */ = {isa = PBXFileReference; lastKnownFileType = sourcecode.swift; path = MockWeatherService.swift; sourceTree = "<group>"; };
		9FB7316E26C4693100A719F5 /* StubData.swift */ = {isa = PBXFileReference; lastKnownFileType = sourcecode.swift; path = StubData.swift; sourceTree = "<group>"; };
		9FB7317526C4703800A719F5 /* LocalWeather.swift */ = {isa = PBXFileReference; lastKnownFileType = sourcecode.swift; path = LocalWeather.swift; sourceTree = "<group>"; };
		9FB7317726C4709900A719F5 /* User.swift */ = {isa = PBXFileReference; lastKnownFileType = sourcecode.swift; path = User.swift; sourceTree = "<group>"; };
		9FB7317926C4719600A719F5 /* RealmManager.swift */ = {isa = PBXFileReference; lastKnownFileType = sourcecode.swift; path = RealmManager.swift; sourceTree = "<group>"; };
		9FB7317C26C50C0800A719F5 /* CollectionView.swift */ = {isa = PBXFileReference; lastKnownFileType = sourcecode.swift; path = CollectionView.swift; sourceTree = "<group>"; };
		9FB7318226C5103100A719F5 /* HourlyCollectionReusableView.swift */ = {isa = PBXFileReference; lastKnownFileType = sourcecode.swift; path = HourlyCollectionReusableView.swift; sourceTree = "<group>"; };
		9FB7318426C5105900A719F5 /* DailyViewCell.swift */ = {isa = PBXFileReference; lastKnownFileType = sourcecode.swift; path = DailyViewCell.swift; sourceTree = "<group>"; };
		9FB7318626C5108200A719F5 /* SummaryCell.swift */ = {isa = PBXFileReference; lastKnownFileType = sourcecode.swift; path = SummaryCell.swift; sourceTree = "<group>"; };
		9FB7318826C510A800A719F5 /* SubInfoCell.swift */ = {isa = PBXFileReference; lastKnownFileType = sourcecode.swift; path = SubInfoCell.swift; sourceTree = "<group>"; };
		9FB7318B26C5119F00A719F5 /* UICollectionView.swift */ = {isa = PBXFileReference; lastKnownFileType = sourcecode.swift; path = UICollectionView.swift; sourceTree = "<group>"; };
		9FB7318E26C517D600A719F5 /* SeparateLineView.swift */ = {isa = PBXFileReference; lastKnownFileType = sourcecode.swift; path = SeparateLineView.swift; sourceTree = "<group>"; };
		9FB7319026C51AF700A719F5 /* HourlyCollectionView.swift */ = {isa = PBXFileReference; lastKnownFileType = sourcecode.swift; path = HourlyCollectionView.swift; sourceTree = "<group>"; };
		9FB7319226C51CEC00A719F5 /* HourlyCollectionCell.swift */ = {isa = PBXFileReference; lastKnownFileType = sourcecode.swift; path = HourlyCollectionCell.swift; sourceTree = "<group>"; };
		9FB7319426C587A800A719F5 /* WeatherViewModel.swift */ = {isa = PBXFileReference; lastKnownFileType = sourcecode.swift; path = WeatherViewModel.swift; sourceTree = "<group>"; };
		9FB7319926C63E8200A719F5 /* DailyCollectionView.swift */ = {isa = PBXFileReference; lastKnownFileType = sourcecode.swift; path = DailyCollectionView.swift; sourceTree = "<group>"; };
		9FB7319B26C63F0F00A719F5 /* DailyCollectionCell.swift */ = {isa = PBXFileReference; lastKnownFileType = sourcecode.swift; path = DailyCollectionCell.swift; sourceTree = "<group>"; };
/* End PBXFileReference section */

/* Begin PBXFrameworksBuildPhase section */
		9FB730E426C3A6EC00A719F5 /* Frameworks */ = {
			isa = PBXFrameworksBuildPhase;
			buildActionMask = 2147483647;
			files = (
				9FB7317426C46FF800A719F5 /* RealmSwift in Frameworks */,
				9FB7317226C46FF800A719F5 /* Realm in Frameworks */,
				9FB7314726C3EB2500A719F5 /* Then in Frameworks */,
			);
			runOnlyForDeploymentPostprocessing = 0;
		};
		9FB730FD26C3A6EE00A719F5 /* Frameworks */ = {
			isa = PBXFrameworksBuildPhase;
			buildActionMask = 2147483647;
			files = (
			);
			runOnlyForDeploymentPostprocessing = 0;
		};
/* End PBXFrameworksBuildPhase section */

/* Begin PBXGroup section */
		9F80726C26C6A8A600682004 /* ViewModels */ = {
			isa = PBXGroup;
			children = (
				9FB7319426C587A800A719F5 /* WeatherViewModel.swift */,
				9F80726A26C69B5A00682004 /* WeatherDailyViewModel.swift */,
				9F80727126C6D3AD00682004 /* WeatherInfoViewModel.swift */,
			);
			path = ViewModels;
			sourceTree = "<group>";
		};
		9F80727326C7D7B100682004 /* ToolBar */ = {
			isa = PBXGroup;
			children = (
				9F80727426C7D7C200682004 /* Toolbar.swift */,
			);
			path = ToolBar;
			sourceTree = "<group>";
		};
		9F80728E26C8407A00682004 /* SettingModule */ = {
			isa = PBXGroup;
			children = (
				9F80729326C8F0E500682004 /* SettingProtocol.swift */,
				9F80729426C8F0E500682004 /* SettingPresenter.swift */,
				9F80729526C8F0E500682004 /* SettingRouter.swift */,
				9F80729626C8F0E500682004 /* SettingViewController.swift */,
				9F80729726C8F0E500682004 /* SettingInteractor.swift */,
			);
			path = SettingModule;
			sourceTree = "<group>";
		};
		9F80729D26CA2B0100682004 /* Base */ = {
			isa = PBXGroup;
			children = (
				9F80729E26CA2B3600682004 /* TransitionType.swift */,
				9F8072A026CA2B8200682004 /* BaseRouter.swift */,
				9F8072A226CA300000682004 /* BaseViewController.swift */,
			);
			path = Base;
			sourceTree = "<group>";
		};
		9FB730DE26C3A6EC00A719F5 = {
			isa = PBXGroup;
			children = (
				9FB730E926C3A6EC00A719F5 /* Weather */,
				9FB7310326C3A6EE00A719F5 /* WeatherTests */,
				9FB730E826C3A6EC00A719F5 /* Products */,
			);
			sourceTree = "<group>";
		};
		9FB730E826C3A6EC00A719F5 /* Products */ = {
			isa = PBXGroup;
			children = (
				9FB730E726C3A6EC00A719F5 /* Weather.app */,
				9FB7310026C3A6EE00A719F5 /* WeatherTests.xctest */,
			);
			name = Products;
			sourceTree = "<group>";
		};
		9FB730E926C3A6EC00A719F5 /* Weather */ = {
			isa = PBXGroup;
			children = (
				9FB730EC26C3A6EC00A719F5 /* SceneDelegate.swift */,
				9FB730EA26C3A6EC00A719F5 /* AppDelegate.swift */,
				9FB7312226C3A97E00A719F5 /* Managers */,
				9FB7311E26C3A95B00A719F5 /* Services */,
				9FB7312126C3A97800A719F5 /* Extensions */,
				9FB7312026C3A96900A719F5 /* Utils */,
				9FB7311F26C3A96000A719F5 /* Modules */,
				9FB7311D26C3A7CB00A719F5 /* SupportingFiles */,
			);
			path = Weather;
			sourceTree = "<group>";
		};
		9FB7310326C3A6EE00A719F5 /* WeatherTests */ = {
			isa = PBXGroup;
			children = (
				9FB7316926C4643300A719F5 /* Resources */,
				9FB7316626C462DC00A719F5 /* Mocks */,
				9FB7316526C462D000A719F5 /* WeatherService */,
				9FB7316426C462CC00A719F5 /* View */,
				9FB7316326C462C300A719F5 /* Interactor */,
				9FB7316226C462BE00A719F5 /* Presenter */,
				9FB7316126C462BA00A719F5 /* Router */,
				9FB7310626C3A6EE00A719F5 /* Info.plist */,
			);
			path = WeatherTests;
			sourceTree = "<group>";
		};
		9FB7311D26C3A7CB00A719F5 /* SupportingFiles */ = {
			isa = PBXGroup;
			children = (
				9FB730F626C3A6EE00A719F5 /* Assets.xcassets */,
				9FB730F826C3A6EE00A719F5 /* LaunchScreen.storyboard */,
				9FB730FB26C3A6EE00A719F5 /* Info.plist */,
			);
			path = SupportingFiles;
			sourceTree = "<group>";
		};
		9FB7311E26C3A95B00A719F5 /* Services */ = {
			isa = PBXGroup;
			children = (
				9FB7314926C3F59E00A719F5 /* WeatherServiceError.swift */,
				9FB7314B26C3F5DB00A719F5 /* WeatherServiceType.swift */,
				9FB7314D26C3F61F00A719F5 /* WeatherService.swift */,
			);
			path = Services;
			sourceTree = "<group>";
		};
		9FB7311F26C3A96000A719F5 /* Modules */ = {
			isa = PBXGroup;
			children = (
				9F80729D26CA2B0100682004 /* Base */,
				9FB7314826C3F0AF00A719F5 /* Models */,
				9FB7312326C3AD2200A719F5 /* MainModule */,
				9F80728E26C8407A00682004 /* SettingModule */,
			);
			path = Modules;
			sourceTree = "<group>";
		};
		9FB7312026C3A96900A719F5 /* Utils */ = {
			isa = PBXGroup;
			children = (
				9FB7315C26C4396900A719F5 /* WeatherConverter.swift */,
			);
			path = Utils;
			sourceTree = "<group>";
		};
		9FB7312126C3A97800A719F5 /* Extensions */ = {
			isa = PBXGroup;
			children = (
				9FB7313626C3BB2900A719F5 /* UIKit */,
				9FB7312E26C3B1F800A719F5 /* UIView */,
				9FB7318A26C5118300A719F5 /* Reusable */,
				9FB7319826C59E1600A719F5 /* SwiftStandardLibrary */,
			);
			path = Extensions;
			sourceTree = "<group>";
		};
		9FB7312226C3A97E00A719F5 /* Managers */ = {
			isa = PBXGroup;
			children = (
				9FB7317926C4719600A719F5 /* RealmManager.swift */,
			);
			path = Managers;
			sourceTree = "<group>";
		};
		9FB7312326C3AD2200A719F5 /* MainModule */ = {
			isa = PBXGroup;
			children = (
				9FB7312426C3AD3100A719F5 /* MainProtocol.swift */,
				9FB7312526C3AD3100A719F5 /* MainPresenter.swift */,
				9FB7312626C3AD3100A719F5 /* MainRouter.swift */,
				9FB7312726C3AD3100A719F5 /* MainViewController.swift */,
				9FB7312826C3AD3100A719F5 /* MainInteractor.swift */,
				9F80726C26C6A8A600682004 /* ViewModels */,
				9FB7313326C3B4D400A719F5 /* SubViews */,
			);
			path = MainModule;
			sourceTree = "<group>";
		};
		9FB7312E26C3B1F800A719F5 /* UIView */ = {
			isa = PBXGroup;
			children = (
				9FB7312F26C3B48700A719F5 /* UIView+LayoutAnchor.swift */,
				9FB7313126C3B4A300A719F5 /* UIView+Subviews.swift */,
			);
			path = UIView;
			sourceTree = "<group>";
		};
		9FB7313326C3B4D400A719F5 /* SubViews */ = {
			isa = PBXGroup;
			children = (
				9FB7318D26C517AE00A719F5 /* Common */,
				9FB7314126C3CD4000A719F5 /* Header */,
				9FB7317B26C50BCD00A719F5 /* CollectionView */,
				9F80727326C7D7B100682004 /* ToolBar */,
			);
			path = SubViews;
			sourceTree = "<group>";
		};
		9FB7313626C3BB2900A719F5 /* UIKit */ = {
			isa = PBXGroup;
			children = (
				9FB7313A26C3BCAB00A719F5 /* UIColor.swift */,
				9FB7313726C3BB5000A719F5 /* UIFont.swift */,
			);
			path = UIKit;
			sourceTree = "<group>";
		};
		9FB7314126C3CD4000A719F5 /* Header */ = {
			isa = PBXGroup;
			children = (
				9FB7313C26C3C30E00A719F5 /* HeaderView.swift */,
			);
			path = Header;
			sourceTree = "<group>";
		};
		9FB7314826C3F0AF00A719F5 /* Models */ = {
			isa = PBXGroup;
			children = (
				9FB7315526C40E5B00A719F5 /* WeatherResponse.swift */,
				9F80728F26C84D3D00682004 /* Location.swift */,
				9FB7317526C4703800A719F5 /* LocalWeather.swift */,
				9FB7317726C4709900A719F5 /* User.swift */,
			);
			path = Models;
			sourceTree = "<group>";
		};
		9FB7316126C462BA00A719F5 /* Router */ = {
			isa = PBXGroup;
			children = (
			);
			path = Router;
			sourceTree = "<group>";
		};
		9FB7316226C462BE00A719F5 /* Presenter */ = {
			isa = PBXGroup;
			children = (
			);
			path = Presenter;
			sourceTree = "<group>";
		};
		9FB7316326C462C300A719F5 /* Interactor */ = {
			isa = PBXGroup;
			children = (
			);
			path = Interactor;
			sourceTree = "<group>";
		};
		9FB7316426C462CC00A719F5 /* View */ = {
			isa = PBXGroup;
			children = (
			);
			path = View;
			sourceTree = "<group>";
		};
		9FB7316526C462D000A719F5 /* WeatherService */ = {
			isa = PBXGroup;
			children = (
				9FB7316726C4632900A719F5 /* WeatherServiceTests.swift */,
			);
			path = WeatherService;
			sourceTree = "<group>";
		};
		9FB7316626C462DC00A719F5 /* Mocks */ = {
			isa = PBXGroup;
			children = (
				9FB7316C26C465FF00A719F5 /* MockWeatherService.swift */,
				9FB7316E26C4693100A719F5 /* StubData.swift */,
			);
			path = Mocks;
			sourceTree = "<group>";
		};
		9FB7316926C4643300A719F5 /* Resources */ = {
			isa = PBXGroup;
			children = (
				9FB7316A26C464EA00A719F5 /* testWeatherData.json */,
			);
			path = Resources;
			sourceTree = "<group>";
		};
		9FB7317B26C50BCD00A719F5 /* CollectionView */ = {
			isa = PBXGroup;
			children = (
				9FB7317C26C50C0800A719F5 /* CollectionView.swift */,
				9FB7318126C50EF000A719F5 /* HourlyCell */,
				9FB7318026C50EEA00A719F5 /* DailyCell */,
				9FB7317F26C50ED600A719F5 /* SummaryCell */,
				9FB7317E26C50ED000A719F5 /* SubInfoCell */,
			);
			path = CollectionView;
			sourceTree = "<group>";
		};
		9FB7317E26C50ED000A719F5 /* SubInfoCell */ = {
			isa = PBXGroup;
			children = (
				9FB7318826C510A800A719F5 /* SubInfoCell.swift */,
				9F80726D26C6BEF500682004 /* SubInfoCollectionView.swift */,
				9F80726F26C6BF1600682004 /* SubInfoCollectionCell.swift */,
			);
			path = SubInfoCell;
			sourceTree = "<group>";
		};
		9FB7317F26C50ED600A719F5 /* SummaryCell */ = {
			isa = PBXGroup;
			children = (
				9FB7318626C5108200A719F5 /* SummaryCell.swift */,
			);
			path = SummaryCell;
			sourceTree = "<group>";
		};
		9FB7318026C50EEA00A719F5 /* DailyCell */ = {
			isa = PBXGroup;
			children = (
				9FB7318426C5105900A719F5 /* DailyViewCell.swift */,
				9FB7319926C63E8200A719F5 /* DailyCollectionView.swift */,
				9FB7319B26C63F0F00A719F5 /* DailyCollectionCell.swift */,
			);
			path = DailyCell;
			sourceTree = "<group>";
		};
		9FB7318126C50EF000A719F5 /* HourlyCell */ = {
			isa = PBXGroup;
			children = (
				9FB7318226C5103100A719F5 /* HourlyCollectionReusableView.swift */,
				9FB7319026C51AF700A719F5 /* HourlyCollectionView.swift */,
				9FB7319226C51CEC00A719F5 /* HourlyCollectionCell.swift */,
			);
			path = HourlyCell;
			sourceTree = "<group>";
		};
		9FB7318A26C5118300A719F5 /* Reusable */ = {
			isa = PBXGroup;
			children = (
				9FB7318B26C5119F00A719F5 /* UICollectionView.swift */,
				9F80728C26C8344C00682004 /* UITableView.swift */,
			);
			path = Reusable;
			sourceTree = "<group>";
		};
		9FB7318D26C517AE00A719F5 /* Common */ = {
			isa = PBXGroup;
			children = (
				9FB7318E26C517D600A719F5 /* SeparateLineView.swift */,
			);
			path = Common;
			sourceTree = "<group>";
		};
		9FB7319826C59E1600A719F5 /* SwiftStandardLibrary */ = {
			isa = PBXGroup;
			children = (
				9FB7315826C4130400A719F5 /* Date.swift */,
				9FB7315126C3FBE800A719F5 /* Double.swift */,
				9FB7315326C3FBF900A719F5 /* Int.swift */,
			);
			path = SwiftStandardLibrary;
			sourceTree = "<group>";
		};
/* End PBXGroup section */

/* Begin PBXNativeTarget section */
		9FB730E626C3A6EC00A719F5 /* Weather */ = {
			isa = PBXNativeTarget;
			buildConfigurationList = 9FB7311426C3A6EE00A719F5 /* Build configuration list for PBXNativeTarget "Weather" */;
			buildPhases = (
				9FB730E326C3A6EC00A719F5 /* Sources */,
				9FB730E426C3A6EC00A719F5 /* Frameworks */,
				9FB730E526C3A6EC00A719F5 /* Resources */,
			);
			buildRules = (
			);
			dependencies = (
			);
			name = Weather;
			packageProductDependencies = (
				9FB7314626C3EB2500A719F5 /* Then */,
				9FB7317126C46FF800A719F5 /* Realm */,
				9FB7317326C46FF800A719F5 /* RealmSwift */,
			);
			productName = Weather;
			productReference = 9FB730E726C3A6EC00A719F5 /* Weather.app */;
			productType = "com.apple.product-type.application";
		};
		9FB730FF26C3A6EE00A719F5 /* WeatherTests */ = {
			isa = PBXNativeTarget;
			buildConfigurationList = 9FB7311726C3A6EE00A719F5 /* Build configuration list for PBXNativeTarget "WeatherTests" */;
			buildPhases = (
				9FB730FC26C3A6EE00A719F5 /* Sources */,
				9FB730FD26C3A6EE00A719F5 /* Frameworks */,
				9FB730FE26C3A6EE00A719F5 /* Resources */,
			);
			buildRules = (
			);
			dependencies = (
				9FB7310226C3A6EE00A719F5 /* PBXTargetDependency */,
			);
			name = WeatherTests;
			productName = WeatherTests;
			productReference = 9FB7310026C3A6EE00A719F5 /* WeatherTests.xctest */;
			productType = "com.apple.product-type.bundle.unit-test";
		};
/* End PBXNativeTarget section */

/* Begin PBXProject section */
		9FB730DF26C3A6EC00A719F5 /* Project object */ = {
			isa = PBXProject;
			attributes = {
				LastSwiftUpdateCheck = 1250;
				LastUpgradeCheck = 1250;
				TargetAttributes = {
					9FB730E626C3A6EC00A719F5 = {
						CreatedOnToolsVersion = 12.5.1;
					};
					9FB730FF26C3A6EE00A719F5 = {
						CreatedOnToolsVersion = 12.5.1;
						TestTargetID = 9FB730E626C3A6EC00A719F5;
					};
				};
			};
			buildConfigurationList = 9FB730E226C3A6EC00A719F5 /* Build configuration list for PBXProject "Weather" */;
			compatibilityVersion = "Xcode 9.3";
			developmentRegion = en;
			hasScannedForEncodings = 0;
			knownRegions = (
				en,
				Base,
			);
			mainGroup = 9FB730DE26C3A6EC00A719F5;
			packageReferences = (
				9FB7314526C3EB2500A719F5 /* XCRemoteSwiftPackageReference "Then" */,
				9FB7317026C46FF800A719F5 /* XCRemoteSwiftPackageReference "realm-cocoa" */,
			);
			productRefGroup = 9FB730E826C3A6EC00A719F5 /* Products */;
			projectDirPath = "";
			projectRoot = "";
			targets = (
				9FB730E626C3A6EC00A719F5 /* Weather */,
				9FB730FF26C3A6EE00A719F5 /* WeatherTests */,
			);
		};
/* End PBXProject section */

/* Begin PBXResourcesBuildPhase section */
		9FB730E526C3A6EC00A719F5 /* Resources */ = {
			isa = PBXResourcesBuildPhase;
			buildActionMask = 2147483647;
			files = (
				9FB730FA26C3A6EE00A719F5 /* LaunchScreen.storyboard in Resources */,
				9FB730F726C3A6EE00A719F5 /* Assets.xcassets in Resources */,
			);
			runOnlyForDeploymentPostprocessing = 0;
		};
		9FB730FE26C3A6EE00A719F5 /* Resources */ = {
			isa = PBXResourcesBuildPhase;
			buildActionMask = 2147483647;
			files = (
				9FB7316B26C464EA00A719F5 /* testWeatherData.json in Resources */,
			);
			runOnlyForDeploymentPostprocessing = 0;
		};
/* End PBXResourcesBuildPhase section */

/* Begin PBXSourcesBuildPhase section */
		9FB730E326C3A6EC00A719F5 /* Sources */ = {
			isa = PBXSourcesBuildPhase;
			buildActionMask = 2147483647;
			files = (
				9FB7317626C4703800A719F5 /* LocalWeather.swift in Sources */,
				9F80727226C6D3AD00682004 /* WeatherInfoViewModel.swift in Sources */,
				9F8072A126CA2B8200682004 /* BaseRouter.swift in Sources */,
				9F80726E26C6BEF500682004 /* SubInfoCollectionView.swift in Sources */,
				9FB7318C26C5119F00A719F5 /* UICollectionView.swift in Sources */,
				9FB7315926C4130400A719F5 /* Date.swift in Sources */,
				9FB7319326C51CEC00A719F5 /* HourlyCollectionCell.swift in Sources */,
				9FB7315D26C4396900A719F5 /* WeatherConverter.swift in Sources */,
				9F80729926C8F0E500682004 /* SettingPresenter.swift in Sources */,
				9FB7318526C5105900A719F5 /* DailyViewCell.swift in Sources */,
				9FB7313D26C3C30E00A719F5 /* HeaderView.swift in Sources */,
				9FB7314C26C3F5DB00A719F5 /* WeatherServiceType.swift in Sources */,
				9FB7317D26C50C0800A719F5 /* CollectionView.swift in Sources */,
				9F80726B26C69B5A00682004 /* WeatherDailyViewModel.swift in Sources */,
				9FB7317A26C4719600A719F5 /* RealmManager.swift in Sources */,
				9F80729C26C8F0E500682004 /* SettingInteractor.swift in Sources */,
				9FB7317826C4709900A719F5 /* User.swift in Sources */,
				9FB7315626C40E5C00A719F5 /* WeatherResponse.swift in Sources */,
				9FB7315426C3FBF900A719F5 /* Int.swift in Sources */,
				9FB7312C26C3AD3100A719F5 /* MainViewController.swift in Sources */,
				9FB7312A26C3AD3100A719F5 /* MainPresenter.swift in Sources */,
				9FB7312926C3AD3100A719F5 /* MainProtocol.swift in Sources */,
				9F80729026C84D3D00682004 /* Location.swift in Sources */,
				9FB7319126C51AF700A719F5 /* HourlyCollectionView.swift in Sources */,
				9FB7313026C3B48700A719F5 /* UIView+LayoutAnchor.swift in Sources */,
				9F80727526C7D7C200682004 /* Toolbar.swift in Sources */,
				9FB7319C26C63F0F00A719F5 /* DailyCollectionCell.swift in Sources */,
				9F80729826C8F0E500682004 /* SettingProtocol.swift in Sources */,
				9FB7313226C3B4A300A719F5 /* UIView+Subviews.swift in Sources */,
				9F80729F26CA2B3600682004 /* TransitionType.swift in Sources */,
				9F80729A26C8F0E500682004 /* SettingRouter.swift in Sources */,
				9F80727026C6BF1600682004 /* SubInfoCollectionCell.swift in Sources */,
				9FB7318926C510A800A719F5 /* SubInfoCell.swift in Sources */,
				9F80728D26C8344C00682004 /* UITableView.swift in Sources */,
				9FB7314A26C3F59E00A719F5 /* WeatherServiceError.swift in Sources */,
				9FB7314E26C3F61F00A719F5 /* WeatherService.swift in Sources */,
				9FB7318F26C517D600A719F5 /* SeparateLineView.swift in Sources */,
				9F80729B26C8F0E500682004 /* SettingViewController.swift in Sources */,
				9FB730EB26C3A6EC00A719F5 /* AppDelegate.swift in Sources */,
				9FB7313826C3BB5000A719F5 /* UIFont.swift in Sources */,
				9FB7319A26C63E8200A719F5 /* DailyCollectionView.swift in Sources */,
				9FB7313B26C3BCAB00A719F5 /* UIColor.swift in Sources */,
				9FB7319526C587A800A719F5 /* WeatherViewModel.swift in Sources */,
				9FB730ED26C3A6EC00A719F5 /* SceneDelegate.swift in Sources */,
				9FB7318726C5108200A719F5 /* SummaryCell.swift in Sources */,
				9F8072A326CA300000682004 /* BaseViewController.swift in Sources */,
				9FB7312B26C3AD3100A719F5 /* MainRouter.swift in Sources */,
				9FB7318326C5103100A719F5 /* HourlyCollectionReusableView.swift in Sources */,
				9FB7315226C3FBE800A719F5 /* Double.swift in Sources */,
				9FB7312D26C3AD3100A719F5 /* MainInteractor.swift in Sources */,
			);
			runOnlyForDeploymentPostprocessing = 0;
		};
		9FB730FC26C3A6EE00A719F5 /* Sources */ = {
			isa = PBXSourcesBuildPhase;
			buildActionMask = 2147483647;
			files = (
				9FB7316D26C465FF00A719F5 /* MockWeatherService.swift in Sources */,
				9FB7316826C4632900A719F5 /* WeatherServiceTests.swift in Sources */,
				9FB7316F26C4693100A719F5 /* StubData.swift in Sources */,
			);
			runOnlyForDeploymentPostprocessing = 0;
		};
/* End PBXSourcesBuildPhase section */

/* Begin PBXTargetDependency section */
		9FB7310226C3A6EE00A719F5 /* PBXTargetDependency */ = {
			isa = PBXTargetDependency;
			target = 9FB730E626C3A6EC00A719F5 /* Weather */;
			targetProxy = 9FB7310126C3A6EE00A719F5 /* PBXContainerItemProxy */;
		};
/* End PBXTargetDependency section */

/* Begin PBXVariantGroup section */
		9FB730F826C3A6EE00A719F5 /* LaunchScreen.storyboard */ = {
			isa = PBXVariantGroup;
			children = (
				9FB730F926C3A6EE00A719F5 /* Base */,
			);
			name = LaunchScreen.storyboard;
			sourceTree = "<group>";
		};
/* End PBXVariantGroup section */

/* Begin XCBuildConfiguration section */
		9FB7311226C3A6EE00A719F5 /* Debug */ = {
			isa = XCBuildConfiguration;
			buildSettings = {
				ALWAYS_SEARCH_USER_PATHS = NO;
				CLANG_ANALYZER_NONNULL = YES;
				CLANG_ANALYZER_NUMBER_OBJECT_CONVERSION = YES_AGGRESSIVE;
				CLANG_CXX_LANGUAGE_STANDARD = "gnu++14";
				CLANG_CXX_LIBRARY = "libc++";
				CLANG_ENABLE_MODULES = YES;
				CLANG_ENABLE_OBJC_ARC = YES;
				CLANG_ENABLE_OBJC_WEAK = YES;
				CLANG_WARN_BLOCK_CAPTURE_AUTORELEASING = YES;
				CLANG_WARN_BOOL_CONVERSION = YES;
				CLANG_WARN_COMMA = YES;
				CLANG_WARN_CONSTANT_CONVERSION = YES;
				CLANG_WARN_DEPRECATED_OBJC_IMPLEMENTATIONS = YES;
				CLANG_WARN_DIRECT_OBJC_ISA_USAGE = YES_ERROR;
				CLANG_WARN_DOCUMENTATION_COMMENTS = YES;
				CLANG_WARN_EMPTY_BODY = YES;
				CLANG_WARN_ENUM_CONVERSION = YES;
				CLANG_WARN_INFINITE_RECURSION = YES;
				CLANG_WARN_INT_CONVERSION = YES;
				CLANG_WARN_NON_LITERAL_NULL_CONVERSION = YES;
				CLANG_WARN_OBJC_IMPLICIT_RETAIN_SELF = YES;
				CLANG_WARN_OBJC_LITERAL_CONVERSION = YES;
				CLANG_WARN_OBJC_ROOT_CLASS = YES_ERROR;
				CLANG_WARN_QUOTED_INCLUDE_IN_FRAMEWORK_HEADER = YES;
				CLANG_WARN_RANGE_LOOP_ANALYSIS = YES;
				CLANG_WARN_STRICT_PROTOTYPES = YES;
				CLANG_WARN_SUSPICIOUS_MOVE = YES;
				CLANG_WARN_UNGUARDED_AVAILABILITY = YES_AGGRESSIVE;
				CLANG_WARN_UNREACHABLE_CODE = YES;
				CLANG_WARN__DUPLICATE_METHOD_MATCH = YES;
				COPY_PHASE_STRIP = NO;
				DEBUG_INFORMATION_FORMAT = dwarf;
				ENABLE_STRICT_OBJC_MSGSEND = YES;
				ENABLE_TESTABILITY = YES;
				GCC_C_LANGUAGE_STANDARD = gnu11;
				GCC_DYNAMIC_NO_PIC = NO;
				GCC_NO_COMMON_BLOCKS = YES;
				GCC_OPTIMIZATION_LEVEL = 0;
				GCC_PREPROCESSOR_DEFINITIONS = (
					"DEBUG=1",
					"$(inherited)",
				);
				GCC_WARN_64_TO_32_BIT_CONVERSION = YES;
				GCC_WARN_ABOUT_RETURN_TYPE = YES_ERROR;
				GCC_WARN_UNDECLARED_SELECTOR = YES;
				GCC_WARN_UNINITIALIZED_AUTOS = YES_AGGRESSIVE;
				GCC_WARN_UNUSED_FUNCTION = YES;
				GCC_WARN_UNUSED_VARIABLE = YES;
				IPHONEOS_DEPLOYMENT_TARGET = 14.5;
				MTL_ENABLE_DEBUG_INFO = INCLUDE_SOURCE;
				MTL_FAST_MATH = YES;
				ONLY_ACTIVE_ARCH = YES;
				SDKROOT = iphoneos;
				SWIFT_ACTIVE_COMPILATION_CONDITIONS = DEBUG;
				SWIFT_OPTIMIZATION_LEVEL = "-Onone";
			};
			name = Debug;
		};
		9FB7311326C3A6EE00A719F5 /* Release */ = {
			isa = XCBuildConfiguration;
			buildSettings = {
				ALWAYS_SEARCH_USER_PATHS = NO;
				CLANG_ANALYZER_NONNULL = YES;
				CLANG_ANALYZER_NUMBER_OBJECT_CONVERSION = YES_AGGRESSIVE;
				CLANG_CXX_LANGUAGE_STANDARD = "gnu++14";
				CLANG_CXX_LIBRARY = "libc++";
				CLANG_ENABLE_MODULES = YES;
				CLANG_ENABLE_OBJC_ARC = YES;
				CLANG_ENABLE_OBJC_WEAK = YES;
				CLANG_WARN_BLOCK_CAPTURE_AUTORELEASING = YES;
				CLANG_WARN_BOOL_CONVERSION = YES;
				CLANG_WARN_COMMA = YES;
				CLANG_WARN_CONSTANT_CONVERSION = YES;
				CLANG_WARN_DEPRECATED_OBJC_IMPLEMENTATIONS = YES;
				CLANG_WARN_DIRECT_OBJC_ISA_USAGE = YES_ERROR;
				CLANG_WARN_DOCUMENTATION_COMMENTS = YES;
				CLANG_WARN_EMPTY_BODY = YES;
				CLANG_WARN_ENUM_CONVERSION = YES;
				CLANG_WARN_INFINITE_RECURSION = YES;
				CLANG_WARN_INT_CONVERSION = YES;
				CLANG_WARN_NON_LITERAL_NULL_CONVERSION = YES;
				CLANG_WARN_OBJC_IMPLICIT_RETAIN_SELF = YES;
				CLANG_WARN_OBJC_LITERAL_CONVERSION = YES;
				CLANG_WARN_OBJC_ROOT_CLASS = YES_ERROR;
				CLANG_WARN_QUOTED_INCLUDE_IN_FRAMEWORK_HEADER = YES;
				CLANG_WARN_RANGE_LOOP_ANALYSIS = YES;
				CLANG_WARN_STRICT_PROTOTYPES = YES;
				CLANG_WARN_SUSPICIOUS_MOVE = YES;
				CLANG_WARN_UNGUARDED_AVAILABILITY = YES_AGGRESSIVE;
				CLANG_WARN_UNREACHABLE_CODE = YES;
				CLANG_WARN__DUPLICATE_METHOD_MATCH = YES;
				COPY_PHASE_STRIP = NO;
				DEBUG_INFORMATION_FORMAT = "dwarf-with-dsym";
				ENABLE_NS_ASSERTIONS = NO;
				ENABLE_STRICT_OBJC_MSGSEND = YES;
				GCC_C_LANGUAGE_STANDARD = gnu11;
				GCC_NO_COMMON_BLOCKS = YES;
				GCC_WARN_64_TO_32_BIT_CONVERSION = YES;
				GCC_WARN_ABOUT_RETURN_TYPE = YES_ERROR;
				GCC_WARN_UNDECLARED_SELECTOR = YES;
				GCC_WARN_UNINITIALIZED_AUTOS = YES_AGGRESSIVE;
				GCC_WARN_UNUSED_FUNCTION = YES;
				GCC_WARN_UNUSED_VARIABLE = YES;
				IPHONEOS_DEPLOYMENT_TARGET = 14.5;
				MTL_ENABLE_DEBUG_INFO = NO;
				MTL_FAST_MATH = YES;
				SDKROOT = iphoneos;
				SWIFT_COMPILATION_MODE = wholemodule;
				SWIFT_OPTIMIZATION_LEVEL = "-O";
				VALIDATE_PRODUCT = YES;
			};
			name = Release;
		};
		9FB7311526C3A6EE00A719F5 /* Debug */ = {
			isa = XCBuildConfiguration;
			buildSettings = {
				ASSETCATALOG_COMPILER_APPICON_NAME = AppIcon;
				ASSETCATALOG_COMPILER_GLOBAL_ACCENT_COLOR_NAME = AccentColor;
				CODE_SIGN_STYLE = Automatic;
				DEVELOPMENT_TEAM = 4L2695C228;
				INFOPLIST_FILE = Weather/SupportingFiles/Info.plist;
				LD_RUNPATH_SEARCH_PATHS = (
					"$(inherited)",
					"@executable_path/Frameworks",
				);
				PRODUCT_BUNDLE_IDENTIFIER = com.tedhyeong.Weather;
				PRODUCT_NAME = "$(TARGET_NAME)";
				SWIFT_VERSION = 5.0;
				TARGETED_DEVICE_FAMILY = "1,2";
			};
			name = Debug;
		};
		9FB7311626C3A6EE00A719F5 /* Release */ = {
			isa = XCBuildConfiguration;
			buildSettings = {
				ASSETCATALOG_COMPILER_APPICON_NAME = AppIcon;
				ASSETCATALOG_COMPILER_GLOBAL_ACCENT_COLOR_NAME = AccentColor;
				CODE_SIGN_STYLE = Automatic;
				DEVELOPMENT_TEAM = 4L2695C228;
				INFOPLIST_FILE = Weather/SupportingFiles/Info.plist;
				LD_RUNPATH_SEARCH_PATHS = (
					"$(inherited)",
					"@executable_path/Frameworks",
				);
				PRODUCT_BUNDLE_IDENTIFIER = com.tedhyeong.Weather;
				PRODUCT_NAME = "$(TARGET_NAME)";
				SWIFT_VERSION = 5.0;
				TARGETED_DEVICE_FAMILY = "1,2";
			};
			name = Release;
		};
		9FB7311826C3A6EE00A719F5 /* Debug */ = {
			isa = XCBuildConfiguration;
			buildSettings = {
				ALWAYS_EMBED_SWIFT_STANDARD_LIBRARIES = YES;
				BUNDLE_LOADER = "$(TEST_HOST)";
				CODE_SIGN_STYLE = Automatic;
				DEVELOPMENT_TEAM = 4L2695C228;
				INFOPLIST_FILE = WeatherTests/Info.plist;
				IPHONEOS_DEPLOYMENT_TARGET = 14.5;
				LD_RUNPATH_SEARCH_PATHS = (
					"$(inherited)",
					"@executable_path/Frameworks",
					"@loader_path/Frameworks",
				);
				PRODUCT_BUNDLE_IDENTIFIER = com.tedhyeong.WeatherTests;
				PRODUCT_NAME = "$(TARGET_NAME)";
				SWIFT_VERSION = 5.0;
				TARGETED_DEVICE_FAMILY = "1,2";
				TEST_HOST = "$(BUILT_PRODUCTS_DIR)/Weather.app/Weather";
			};
			name = Debug;
		};
		9FB7311926C3A6EE00A719F5 /* Release */ = {
			isa = XCBuildConfiguration;
			buildSettings = {
				ALWAYS_EMBED_SWIFT_STANDARD_LIBRARIES = YES;
				BUNDLE_LOADER = "$(TEST_HOST)";
				CODE_SIGN_STYLE = Automatic;
				DEVELOPMENT_TEAM = 4L2695C228;
				INFOPLIST_FILE = WeatherTests/Info.plist;
				IPHONEOS_DEPLOYMENT_TARGET = 14.5;
				LD_RUNPATH_SEARCH_PATHS = (
					"$(inherited)",
					"@executable_path/Frameworks",
					"@loader_path/Frameworks",
				);
				PRODUCT_BUNDLE_IDENTIFIER = com.tedhyeong.WeatherTests;
				PRODUCT_NAME = "$(TARGET_NAME)";
				SWIFT_VERSION = 5.0;
				TARGETED_DEVICE_FAMILY = "1,2";
				TEST_HOST = "$(BUILT_PRODUCTS_DIR)/Weather.app/Weather";
			};
			name = Release;
		};
/* End XCBuildConfiguration section */

/* Begin XCConfigurationList section */
		9FB730E226C3A6EC00A719F5 /* Build configuration list for PBXProject "Weather" */ = {
			isa = XCConfigurationList;
			buildConfigurations = (
				9FB7311226C3A6EE00A719F5 /* Debug */,
				9FB7311326C3A6EE00A719F5 /* Release */,
			);
			defaultConfigurationIsVisible = 0;
			defaultConfigurationName = Release;
		};
		9FB7311426C3A6EE00A719F5 /* Build configuration list for PBXNativeTarget "Weather" */ = {
			isa = XCConfigurationList;
			buildConfigurations = (
				9FB7311526C3A6EE00A719F5 /* Debug */,
				9FB7311626C3A6EE00A719F5 /* Release */,
			);
			defaultConfigurationIsVisible = 0;
			defaultConfigurationName = Release;
		};
		9FB7311726C3A6EE00A719F5 /* Build configuration list for PBXNativeTarget "WeatherTests" */ = {
			isa = XCConfigurationList;
			buildConfigurations = (
				9FB7311826C3A6EE00A719F5 /* Debug */,
				9FB7311926C3A6EE00A719F5 /* Release */,
			);
			defaultConfigurationIsVisible = 0;
			defaultConfigurationName = Release;
		};
/* End XCConfigurationList section */

/* Begin XCRemoteSwiftPackageReference section */
		9FB7314526C3EB2500A719F5 /* XCRemoteSwiftPackageReference "Then" */ = {
			isa = XCRemoteSwiftPackageReference;
			repositoryURL = "https://github.com/devxoul/Then.git";
			requirement = {
				kind = upToNextMajorVersion;
				minimumVersion = 2.7.0;
			};
		};
		9FB7317026C46FF800A719F5 /* XCRemoteSwiftPackageReference "realm-cocoa" */ = {
			isa = XCRemoteSwiftPackageReference;
			repositoryURL = "https://github.com/realm/realm-cocoa.git";
			requirement = {
				kind = upToNextMajorVersion;
				minimumVersion = 10.12.0;
			};
		};
/* End XCRemoteSwiftPackageReference section */

/* Begin XCSwiftPackageProductDependency section */
		9FB7314626C3EB2500A719F5 /* Then */ = {
			isa = XCSwiftPackageProductDependency;
			package = 9FB7314526C3EB2500A719F5 /* XCRemoteSwiftPackageReference "Then" */;
			productName = Then;
		};
		9FB7317126C46FF800A719F5 /* Realm */ = {
			isa = XCSwiftPackageProductDependency;
			package = 9FB7317026C46FF800A719F5 /* XCRemoteSwiftPackageReference "realm-cocoa" */;
			productName = Realm;
		};
		9FB7317326C46FF800A719F5 /* RealmSwift */ = {
			isa = XCSwiftPackageProductDependency;
			package = 9FB7317026C46FF800A719F5 /* XCRemoteSwiftPackageReference "realm-cocoa" */;
			productName = RealmSwift;
		};
/* End XCSwiftPackageProductDependency section */
	};
	rootObject = 9FB730DF26C3A6EC00A719F5 /* Project object */;
}
