// !$*UTF8*$!
{
	archiveVersion = 1;
	classes = {
	};
	objectVersion = 50;
	objects = {

/* Begin PBXBuildFile section */
		9FB730EB26C3A6EC00A719F5 /* AppDelegate.swift in Sources */ = {isa = PBXBuildFile; fileRef = 9FB730EA26C3A6EC00A719F5 /* AppDelegate.swift */; };
		9FB730ED26C3A6EC00A719F5 /* SceneDelegate.swift in Sources */ = {isa = PBXBuildFile; fileRef = 9FB730EC26C3A6EC00A719F5 /* SceneDelegate.swift */; };
		9FB730F526C3A6EC00A719F5 /* Weather.xcdatamodeld in Sources */ = {isa = PBXBuildFile; fileRef = 9FB730F326C3A6EC00A719F5 /* Weather.xcdatamodeld */; };
		9FB730F726C3A6EE00A719F5 /* Assets.xcassets in Resources */ = {isa = PBXBuildFile; fileRef = 9FB730F626C3A6EE00A719F5 /* Assets.xcassets */; };
		9FB730FA26C3A6EE00A719F5 /* LaunchScreen.storyboard in Resources */ = {isa = PBXBuildFile; fileRef = 9FB730F826C3A6EE00A719F5 /* LaunchScreen.storyboard */; };
		9FB7310526C3A6EE00A719F5 /* WeatherTests.swift in Sources */ = {isa = PBXBuildFile; fileRef = 9FB7310426C3A6EE00A719F5 /* WeatherTests.swift */; };
		9FB7311026C3A6EE00A719F5 /* WeatherUITests.swift in Sources */ = {isa = PBXBuildFile; fileRef = 9FB7310F26C3A6EE00A719F5 /* WeatherUITests.swift */; };
		9FB7312926C3AD3100A719F5 /* MainProtocol.swift in Sources */ = {isa = PBXBuildFile; fileRef = 9FB7312426C3AD3100A719F5 /* MainProtocol.swift */; };
		9FB7312A26C3AD3100A719F5 /* MainPresenter.swift in Sources */ = {isa = PBXBuildFile; fileRef = 9FB7312526C3AD3100A719F5 /* MainPresenter.swift */; };
		9FB7312B26C3AD3100A719F5 /* MainRouter.swift in Sources */ = {isa = PBXBuildFile; fileRef = 9FB7312626C3AD3100A719F5 /* MainRouter.swift */; };
		9FB7312C26C3AD3100A719F5 /* MainViewController.swift in Sources */ = {isa = PBXBuildFile; fileRef = 9FB7312726C3AD3100A719F5 /* MainViewController.swift */; };
		9FB7312D26C3AD3100A719F5 /* MainInteractor.swift in Sources */ = {isa = PBXBuildFile; fileRef = 9FB7312826C3AD3100A719F5 /* MainInteractor.swift */; };
		9FB7313026C3B48700A719F5 /* UIView+LayoutAnchor.swift in Sources */ = {isa = PBXBuildFile; fileRef = 9FB7312F26C3B48700A719F5 /* UIView+LayoutAnchor.swift */; };
		9FB7313226C3B4A300A719F5 /* UIView+Subviews.swift in Sources */ = {isa = PBXBuildFile; fileRef = 9FB7313126C3B4A300A719F5 /* UIView+Subviews.swift */; };
		9FB7313526C3B51100A719F5 /* HeaderLocationTitleView.swift in Sources */ = {isa = PBXBuildFile; fileRef = 9FB7313426C3B51100A719F5 /* HeaderLocationTitleView.swift */; };
		9FB7313826C3BB5000A719F5 /* UIFont.swift in Sources */ = {isa = PBXBuildFile; fileRef = 9FB7313726C3BB5000A719F5 /* UIFont.swift */; };
		9FB7313B26C3BCAB00A719F5 /* UIColor.swift in Sources */ = {isa = PBXBuildFile; fileRef = 9FB7313A26C3BCAB00A719F5 /* UIColor.swift */; };
		9FB7313D26C3C30E00A719F5 /* HeaderView.swift in Sources */ = {isa = PBXBuildFile; fileRef = 9FB7313C26C3C30E00A719F5 /* HeaderView.swift */; };
		9FB7314026C3CBDD00A719F5 /* MainViewModel.swift in Sources */ = {isa = PBXBuildFile; fileRef = 9FB7313F26C3CBDD00A719F5 /* MainViewModel.swift */; };
		9FB7314426C3D39E00A719F5 /* BaseViewController.swift in Sources */ = {isa = PBXBuildFile; fileRef = 9FB7314326C3D39E00A719F5 /* BaseViewController.swift */; };
/* End PBXBuildFile section */

/* Begin PBXContainerItemProxy section */
		9FB7310126C3A6EE00A719F5 /* PBXContainerItemProxy */ = {
			isa = PBXContainerItemProxy;
			containerPortal = 9FB730DF26C3A6EC00A719F5 /* Project object */;
			proxyType = 1;
			remoteGlobalIDString = 9FB730E626C3A6EC00A719F5;
			remoteInfo = Weather;
		};
		9FB7310C26C3A6EE00A719F5 /* PBXContainerItemProxy */ = {
			isa = PBXContainerItemProxy;
			containerPortal = 9FB730DF26C3A6EC00A719F5 /* Project object */;
			proxyType = 1;
			remoteGlobalIDString = 9FB730E626C3A6EC00A719F5;
			remoteInfo = Weather;
		};
/* End PBXContainerItemProxy section */

/* Begin PBXFileReference section */
		9FB730E726C3A6EC00A719F5 /* Weather.app */ = {isa = PBXFileReference; explicitFileType = wrapper.application; includeInIndex = 0; path = Weather.app; sourceTree = BUILT_PRODUCTS_DIR; };
		9FB730EA26C3A6EC00A719F5 /* AppDelegate.swift */ = {isa = PBXFileReference; lastKnownFileType = sourcecode.swift; path = AppDelegate.swift; sourceTree = "<group>"; };
		9FB730EC26C3A6EC00A719F5 /* SceneDelegate.swift */ = {isa = PBXFileReference; lastKnownFileType = sourcecode.swift; path = SceneDelegate.swift; sourceTree = "<group>"; };
		9FB730F426C3A6EC00A719F5 /* Weather.xcdatamodel */ = {isa = PBXFileReference; lastKnownFileType = wrapper.xcdatamodel; path = Weather.xcdatamodel; sourceTree = "<group>"; };
		9FB730F626C3A6EE00A719F5 /* Assets.xcassets */ = {isa = PBXFileReference; lastKnownFileType = folder.assetcatalog; path = Assets.xcassets; sourceTree = "<group>"; };
		9FB730F926C3A6EE00A719F5 /* Base */ = {isa = PBXFileReference; lastKnownFileType = file.storyboard; name = Base; path = Base.lproj/LaunchScreen.storyboard; sourceTree = "<group>"; };
		9FB730FB26C3A6EE00A719F5 /* Info.plist */ = {isa = PBXFileReference; lastKnownFileType = text.plist.xml; path = Info.plist; sourceTree = "<group>"; };
		9FB7310026C3A6EE00A719F5 /* WeatherTests.xctest */ = {isa = PBXFileReference; explicitFileType = wrapper.cfbundle; includeInIndex = 0; path = WeatherTests.xctest; sourceTree = BUILT_PRODUCTS_DIR; };
		9FB7310426C3A6EE00A719F5 /* WeatherTests.swift */ = {isa = PBXFileReference; lastKnownFileType = sourcecode.swift; path = WeatherTests.swift; sourceTree = "<group>"; };
		9FB7310626C3A6EE00A719F5 /* Info.plist */ = {isa = PBXFileReference; lastKnownFileType = text.plist.xml; path = Info.plist; sourceTree = "<group>"; };
		9FB7310B26C3A6EE00A719F5 /* WeatherUITests.xctest */ = {isa = PBXFileReference; explicitFileType = wrapper.cfbundle; includeInIndex = 0; path = WeatherUITests.xctest; sourceTree = BUILT_PRODUCTS_DIR; };
		9FB7310F26C3A6EE00A719F5 /* WeatherUITests.swift */ = {isa = PBXFileReference; lastKnownFileType = sourcecode.swift; path = WeatherUITests.swift; sourceTree = "<group>"; };
		9FB7311126C3A6EE00A719F5 /* Info.plist */ = {isa = PBXFileReference; lastKnownFileType = text.plist.xml; path = Info.plist; sourceTree = "<group>"; };
		9FB7312426C3AD3100A719F5 /* MainProtocol.swift */ = {isa = PBXFileReference; lastKnownFileType = sourcecode.swift; path = MainProtocol.swift; sourceTree = "<group>"; };
		9FB7312526C3AD3100A719F5 /* MainPresenter.swift */ = {isa = PBXFileReference; lastKnownFileType = sourcecode.swift; path = MainPresenter.swift; sourceTree = "<group>"; };
		9FB7312626C3AD3100A719F5 /* MainRouter.swift */ = {isa = PBXFileReference; lastKnownFileType = sourcecode.swift; path = MainRouter.swift; sourceTree = "<group>"; };
		9FB7312726C3AD3100A719F5 /* MainViewController.swift */ = {isa = PBXFileReference; lastKnownFileType = sourcecode.swift; path = MainViewController.swift; sourceTree = "<group>"; };
		9FB7312826C3AD3100A719F5 /* MainInteractor.swift */ = {isa = PBXFileReference; lastKnownFileType = sourcecode.swift; path = MainInteractor.swift; sourceTree = "<group>"; };
		9FB7312F26C3B48700A719F5 /* UIView+LayoutAnchor.swift */ = {isa = PBXFileReference; lastKnownFileType = sourcecode.swift; path = "UIView+LayoutAnchor.swift"; sourceTree = "<group>"; };
		9FB7313126C3B4A300A719F5 /* UIView+Subviews.swift */ = {isa = PBXFileReference; lastKnownFileType = sourcecode.swift; path = "UIView+Subviews.swift"; sourceTree = "<group>"; };
		9FB7313426C3B51100A719F5 /* HeaderLocationTitleView.swift */ = {isa = PBXFileReference; lastKnownFileType = sourcecode.swift; path = HeaderLocationTitleView.swift; sourceTree = "<group>"; };
		9FB7313726C3BB5000A719F5 /* UIFont.swift */ = {isa = PBXFileReference; lastKnownFileType = sourcecode.swift; path = UIFont.swift; sourceTree = "<group>"; };
		9FB7313A26C3BCAB00A719F5 /* UIColor.swift */ = {isa = PBXFileReference; lastKnownFileType = sourcecode.swift; path = UIColor.swift; sourceTree = "<group>"; };
		9FB7313C26C3C30E00A719F5 /* HeaderView.swift */ = {isa = PBXFileReference; lastKnownFileType = sourcecode.swift; path = HeaderView.swift; sourceTree = "<group>"; };
		9FB7313F26C3CBDD00A719F5 /* MainViewModel.swift */ = {isa = PBXFileReference; lastKnownFileType = sourcecode.swift; path = MainViewModel.swift; sourceTree = "<group>"; };
		9FB7314326C3D39E00A719F5 /* BaseViewController.swift */ = {isa = PBXFileReference; lastKnownFileType = sourcecode.swift; path = BaseViewController.swift; sourceTree = "<group>"; };
/* End PBXFileReference section */

/* Begin PBXFrameworksBuildPhase section */
		9FB730E426C3A6EC00A719F5 /* Frameworks */ = {
			isa = PBXFrameworksBuildPhase;
			buildActionMask = 2147483647;
			files = (
			);
			runOnlyForDeploymentPostprocessing = 0;
		};
		9FB730FD26C3A6EE00A719F5 /* Frameworks */ = {
			isa = PBXFrameworksBuildPhase;
			buildActionMask = 2147483647;
			files = (
			);
			runOnlyForDeploymentPostprocessing = 0;
		};
		9FB7310826C3A6EE00A719F5 /* Frameworks */ = {
			isa = PBXFrameworksBuildPhase;
			buildActionMask = 2147483647;
			files = (
			);
			runOnlyForDeploymentPostprocessing = 0;
		};
/* End PBXFrameworksBuildPhase section */

/* Begin PBXGroup section */
		9FB730DE26C3A6EC00A719F5 = {
			isa = PBXGroup;
			children = (
				9FB730E926C3A6EC00A719F5 /* Weather */,
				9FB7310326C3A6EE00A719F5 /* WeatherTests */,
				9FB7310E26C3A6EE00A719F5 /* WeatherUITests */,
				9FB730E826C3A6EC00A719F5 /* Products */,
			);
			sourceTree = "<group>";
		};
		9FB730E826C3A6EC00A719F5 /* Products */ = {
			isa = PBXGroup;
			children = (
				9FB730E726C3A6EC00A719F5 /* Weather.app */,
				9FB7310026C3A6EE00A719F5 /* WeatherTests.xctest */,
				9FB7310B26C3A6EE00A719F5 /* WeatherUITests.xctest */,
			);
			name = Products;
			sourceTree = "<group>";
		};
		9FB730E926C3A6EC00A719F5 /* Weather */ = {
			isa = PBXGroup;
			children = (
				9FB730EC26C3A6EC00A719F5 /* SceneDelegate.swift */,
				9FB730EA26C3A6EC00A719F5 /* AppDelegate.swift */,
				9FB7312226C3A97E00A719F5 /* Managers */,
				9FB7311E26C3A95B00A719F5 /* Network */,
				9FB7312126C3A97800A719F5 /* Extensions */,
				9FB7312026C3A96900A719F5 /* Utils */,
				9FB7311F26C3A96000A719F5 /* Modules */,
				9FB7311D26C3A7CB00A719F5 /* SupportingFiles */,
			);
			path = Weather;
			sourceTree = "<group>";
		};
		9FB7310326C3A6EE00A719F5 /* WeatherTests */ = {
			isa = PBXGroup;
			children = (
				9FB7310426C3A6EE00A719F5 /* WeatherTests.swift */,
				9FB7310626C3A6EE00A719F5 /* Info.plist */,
			);
			path = WeatherTests;
			sourceTree = "<group>";
		};
		9FB7310E26C3A6EE00A719F5 /* WeatherUITests */ = {
			isa = PBXGroup;
			children = (
				9FB7310F26C3A6EE00A719F5 /* WeatherUITests.swift */,
				9FB7311126C3A6EE00A719F5 /* Info.plist */,
			);
			path = WeatherUITests;
			sourceTree = "<group>";
		};
		9FB7311D26C3A7CB00A719F5 /* SupportingFiles */ = {
			isa = PBXGroup;
			children = (
				9FB730F626C3A6EE00A719F5 /* Assets.xcassets */,
				9FB730F826C3A6EE00A719F5 /* LaunchScreen.storyboard */,
				9FB730FB26C3A6EE00A719F5 /* Info.plist */,
				9FB730F326C3A6EC00A719F5 /* Weather.xcdatamodeld */,
			);
			path = SupportingFiles;
			sourceTree = "<group>";
		};
		9FB7311E26C3A95B00A719F5 /* Network */ = {
			isa = PBXGroup;
			children = (
			);
			path = Network;
			sourceTree = "<group>";
		};
		9FB7311F26C3A96000A719F5 /* Modules */ = {
			isa = PBXGroup;
			children = (
				9FB7314226C3D38E00A719F5 /* Base */,
				9FB7312326C3AD2200A719F5 /* Main */,
			);
			path = Modules;
			sourceTree = "<group>";
		};
		9FB7312026C3A96900A719F5 /* Utils */ = {
			isa = PBXGroup;
			children = (
			);
			path = Utils;
			sourceTree = "<group>";
		};
		9FB7312126C3A97800A719F5 /* Extensions */ = {
			isa = PBXGroup;
			children = (
				9FB7313926C3BCA400A719F5 /* UIColor */,
				9FB7313626C3BB2900A719F5 /* UIFont */,
				9FB7312E26C3B1F800A719F5 /* UIView */,
			);
			path = Extensions;
			sourceTree = "<group>";
		};
		9FB7312226C3A97E00A719F5 /* Managers */ = {
			isa = PBXGroup;
			children = (
			);
			path = Managers;
			sourceTree = "<group>";
		};
		9FB7312326C3AD2200A719F5 /* Main */ = {
			isa = PBXGroup;
			children = (
				9FB7313E26C3CBC500A719F5 /* View Model */,
				9FB7313326C3B4D400A719F5 /* Subviews */,
				9FB7312426C3AD3100A719F5 /* MainProtocol.swift */,
				9FB7312526C3AD3100A719F5 /* MainPresenter.swift */,
				9FB7312626C3AD3100A719F5 /* MainRouter.swift */,
				9FB7312726C3AD3100A719F5 /* MainViewController.swift */,
				9FB7312826C3AD3100A719F5 /* MainInteractor.swift */,
			);
			path = Main;
			sourceTree = "<group>";
		};
		9FB7312E26C3B1F800A719F5 /* UIView */ = {
			isa = PBXGroup;
			children = (
				9FB7312F26C3B48700A719F5 /* UIView+LayoutAnchor.swift */,
				9FB7313126C3B4A300A719F5 /* UIView+Subviews.swift */,
			);
			path = UIView;
			sourceTree = "<group>";
		};
		9FB7313326C3B4D400A719F5 /* Subviews */ = {
			isa = PBXGroup;
			children = (
				9FB7314126C3CD4000A719F5 /* Header */,
			);
			path = Subviews;
			sourceTree = "<group>";
		};
		9FB7313626C3BB2900A719F5 /* UIFont */ = {
			isa = PBXGroup;
			children = (
				9FB7313726C3BB5000A719F5 /* UIFont.swift */,
			);
			path = UIFont;
			sourceTree = "<group>";
		};
		9FB7313926C3BCA400A719F5 /* UIColor */ = {
			isa = PBXGroup;
			children = (
				9FB7313A26C3BCAB00A719F5 /* UIColor.swift */,
			);
			path = UIColor;
			sourceTree = "<group>";
		};
		9FB7313E26C3CBC500A719F5 /* View Model */ = {
			isa = PBXGroup;
			children = (
				9FB7313F26C3CBDD00A719F5 /* MainViewModel.swift */,
			);
			path = "View Model";
			sourceTree = "<group>";
		};
		9FB7314126C3CD4000A719F5 /* Header */ = {
			isa = PBXGroup;
			children = (
				9FB7313426C3B51100A719F5 /* HeaderLocationTitleView.swift */,
				9FB7313C26C3C30E00A719F5 /* HeaderView.swift */,
			);
			path = Header;
			sourceTree = "<group>";
		};
		9FB7314226C3D38E00A719F5 /* Base */ = {
			isa = PBXGroup;
			children = (
				9FB7314326C3D39E00A719F5 /* BaseViewController.swift */,
			);
			path = Base;
			sourceTree = "<group>";
		};
/* End PBXGroup section */

/* Begin PBXNativeTarget section */
		9FB730E626C3A6EC00A719F5 /* Weather */ = {
			isa = PBXNativeTarget;
			buildConfigurationList = 9FB7311426C3A6EE00A719F5 /* Build configuration list for PBXNativeTarget "Weather" */;
			buildPhases = (
				9FB730E326C3A6EC00A719F5 /* Sources */,
				9FB730E426C3A6EC00A719F5 /* Frameworks */,
				9FB730E526C3A6EC00A719F5 /* Resources */,
			);
			buildRules = (
			);
			dependencies = (
			);
			name = Weather;
			productName = Weather;
			productReference = 9FB730E726C3A6EC00A719F5 /* Weather.app */;
			productType = "com.apple.product-type.application";
		};
		9FB730FF26C3A6EE00A719F5 /* WeatherTests */ = {
			isa = PBXNativeTarget;
			buildConfigurationList = 9FB7311726C3A6EE00A719F5 /* Build configuration list for PBXNativeTarget "WeatherTests" */;
			buildPhases = (
				9FB730FC26C3A6EE00A719F5 /* Sources */,
				9FB730FD26C3A6EE00A719F5 /* Frameworks */,
				9FB730FE26C3A6EE00A719F5 /* Resources */,
			);
			buildRules = (
			);
			dependencies = (
				9FB7310226C3A6EE00A719F5 /* PBXTargetDependency */,
			);
			name = WeatherTests;
			productName = WeatherTests;
			productReference = 9FB7310026C3A6EE00A719F5 /* WeatherTests.xctest */;
			productType = "com.apple.product-type.bundle.unit-test";
		};
		9FB7310A26C3A6EE00A719F5 /* WeatherUITests */ = {
			isa = PBXNativeTarget;
			buildConfigurationList = 9FB7311A26C3A6EE00A719F5 /* Build configuration list for PBXNativeTarget "WeatherUITests" */;
			buildPhases = (
				9FB7310726C3A6EE00A719F5 /* Sources */,
				9FB7310826C3A6EE00A719F5 /* Frameworks */,
				9FB7310926C3A6EE00A719F5 /* Resources */,
			);
			buildRules = (
			);
			dependencies = (
				9FB7310D26C3A6EE00A719F5 /* PBXTargetDependency */,
			);
			name = WeatherUITests;
			productName = WeatherUITests;
			productReference = 9FB7310B26C3A6EE00A719F5 /* WeatherUITests.xctest */;
			productType = "com.apple.product-type.bundle.ui-testing";
		};
/* End PBXNativeTarget section */

/* Begin PBXProject section */
		9FB730DF26C3A6EC00A719F5 /* Project object */ = {
			isa = PBXProject;
			attributes = {
				LastSwiftUpdateCheck = 1250;
				LastUpgradeCheck = 1250;
				TargetAttributes = {
					9FB730E626C3A6EC00A719F5 = {
						CreatedOnToolsVersion = 12.5.1;
					};
					9FB730FF26C3A6EE00A719F5 = {
						CreatedOnToolsVersion = 12.5.1;
						TestTargetID = 9FB730E626C3A6EC00A719F5;
					};
					9FB7310A26C3A6EE00A719F5 = {
						CreatedOnToolsVersion = 12.5.1;
						TestTargetID = 9FB730E626C3A6EC00A719F5;
					};
				};
			};
			buildConfigurationList = 9FB730E226C3A6EC00A719F5 /* Build configuration list for PBXProject "Weather" */;
			compatibilityVersion = "Xcode 9.3";
			developmentRegion = en;
			hasScannedForEncodings = 0;
			knownRegions = (
				en,
				Base,
			);
			mainGroup = 9FB730DE26C3A6EC00A719F5;
			productRefGroup = 9FB730E826C3A6EC00A719F5 /* Products */;
			projectDirPath = "";
			projectRoot = "";
			targets = (
				9FB730E626C3A6EC00A719F5 /* Weather */,
				9FB730FF26C3A6EE00A719F5 /* WeatherTests */,
				9FB7310A26C3A6EE00A719F5 /* WeatherUITests */,
			);
		};
/* End PBXProject section */

/* Begin PBXResourcesBuildPhase section */
		9FB730E526C3A6EC00A719F5 /* Resources */ = {
			isa = PBXResourcesBuildPhase;
			buildActionMask = 2147483647;
			files = (
				9FB730FA26C3A6EE00A719F5 /* LaunchScreen.storyboard in Resources */,
				9FB730F726C3A6EE00A719F5 /* Assets.xcassets in Resources */,
			);
			runOnlyForDeploymentPostprocessing = 0;
		};
		9FB730FE26C3A6EE00A719F5 /* Resources */ = {
			isa = PBXResourcesBuildPhase;
			buildActionMask = 2147483647;
			files = (
			);
			runOnlyForDeploymentPostprocessing = 0;
		};
		9FB7310926C3A6EE00A719F5 /* Resources */ = {
			isa = PBXResourcesBuildPhase;
			buildActionMask = 2147483647;
			files = (
			);
			runOnlyForDeploymentPostprocessing = 0;
		};
/* End PBXResourcesBuildPhase section */

/* Begin PBXSourcesBuildPhase section */
		9FB730E326C3A6EC00A719F5 /* Sources */ = {
			isa = PBXSourcesBuildPhase;
			buildActionMask = 2147483647;
			files = (
				9FB7313D26C3C30E00A719F5 /* HeaderView.swift in Sources */,
				9FB7312C26C3AD3100A719F5 /* MainViewController.swift in Sources */,
				9FB7312A26C3AD3100A719F5 /* MainPresenter.swift in Sources */,
				9FB7312926C3AD3100A719F5 /* MainProtocol.swift in Sources */,
				9FB7313026C3B48700A719F5 /* UIView+LayoutAnchor.swift in Sources */,
				9FB7314026C3CBDD00A719F5 /* MainViewModel.swift in Sources */,
				9FB7313226C3B4A300A719F5 /* UIView+Subviews.swift in Sources */,
				9FB730F526C3A6EC00A719F5 /* Weather.xcdatamodeld in Sources */,
				9FB7313526C3B51100A719F5 /* HeaderLocationTitleView.swift in Sources */,
				9FB730EB26C3A6EC00A719F5 /* AppDelegate.swift in Sources */,
				9FB7313826C3BB5000A719F5 /* UIFont.swift in Sources */,
				9FB7313B26C3BCAB00A719F5 /* UIColor.swift in Sources */,
				9FB730ED26C3A6EC00A719F5 /* SceneDelegate.swift in Sources */,
				9FB7314426C3D39E00A719F5 /* BaseViewController.swift in Sources */,
				9FB7312B26C3AD3100A719F5 /* MainRouter.swift in Sources */,
				9FB7312D26C3AD3100A719F5 /* MainInteractor.swift in Sources */,
			);
			runOnlyForDeploymentPostprocessing = 0;
		};
		9FB730FC26C3A6EE00A719F5 /* Sources */ = {
			isa = PBXSourcesBuildPhase;
			buildActionMask = 2147483647;
			files = (
				9FB7310526C3A6EE00A719F5 /* WeatherTests.swift in Sources */,
			);
			runOnlyForDeploymentPostprocessing = 0;
		};
		9FB7310726C3A6EE00A719F5 /* Sources */ = {
			isa = PBXSourcesBuildPhase;
			buildActionMask = 2147483647;
			files = (
				9FB7311026C3A6EE00A719F5 /* WeatherUITests.swift in Sources */,
			);
			runOnlyForDeploymentPostprocessing = 0;
		};
/* End PBXSourcesBuildPhase section */

/* Begin PBXTargetDependency section */
		9FB7310226C3A6EE00A719F5 /* PBXTargetDependency */ = {
			isa = PBXTargetDependency;
			target = 9FB730E626C3A6EC00A719F5 /* Weather */;
			targetProxy = 9FB7310126C3A6EE00A719F5 /* PBXContainerItemProxy */;
		};
		9FB7310D26C3A6EE00A719F5 /* PBXTargetDependency */ = {
			isa = PBXTargetDependency;
			target = 9FB730E626C3A6EC00A719F5 /* Weather */;
			targetProxy = 9FB7310C26C3A6EE00A719F5 /* PBXContainerItemProxy */;
		};
/* End PBXTargetDependency section */

/* Begin PBXVariantGroup section */
		9FB730F826C3A6EE00A719F5 /* LaunchScreen.storyboard */ = {
			isa = PBXVariantGroup;
			children = (
				9FB730F926C3A6EE00A719F5 /* Base */,
			);
			name = LaunchScreen.storyboard;
			sourceTree = "<group>";
		};
/* End PBXVariantGroup section */

/* Begin XCBuildConfiguration section */
		9FB7311226C3A6EE00A719F5 /* Debug */ = {
			isa = XCBuildConfiguration;
			buildSettings = {
				ALWAYS_SEARCH_USER_PATHS = NO;
				CLANG_ANALYZER_NONNULL = YES;
				CLANG_ANALYZER_NUMBER_OBJECT_CONVERSION = YES_AGGRESSIVE;
				CLANG_CXX_LANGUAGE_STANDARD = "gnu++14";
				CLANG_CXX_LIBRARY = "libc++";
				CLANG_ENABLE_MODULES = YES;
				CLANG_ENABLE_OBJC_ARC = YES;
				CLANG_ENABLE_OBJC_WEAK = YES;
				CLANG_WARN_BLOCK_CAPTURE_AUTORELEASING = YES;
				CLANG_WARN_BOOL_CONVERSION = YES;
				CLANG_WARN_COMMA = YES;
				CLANG_WARN_CONSTANT_CONVERSION = YES;
				CLANG_WARN_DEPRECATED_OBJC_IMPLEMENTATIONS = YES;
				CLANG_WARN_DIRECT_OBJC_ISA_USAGE = YES_ERROR;
				CLANG_WARN_DOCUMENTATION_COMMENTS = YES;
				CLANG_WARN_EMPTY_BODY = YES;
				CLANG_WARN_ENUM_CONVERSION = YES;
				CLANG_WARN_INFINITE_RECURSION = YES;
				CLANG_WARN_INT_CONVERSION = YES;
				CLANG_WARN_NON_LITERAL_NULL_CONVERSION = YES;
				CLANG_WARN_OBJC_IMPLICIT_RETAIN_SELF = YES;
				CLANG_WARN_OBJC_LITERAL_CONVERSION = YES;
				CLANG_WARN_OBJC_ROOT_CLASS = YES_ERROR;
				CLANG_WARN_QUOTED_INCLUDE_IN_FRAMEWORK_HEADER = YES;
				CLANG_WARN_RANGE_LOOP_ANALYSIS = YES;
				CLANG_WARN_STRICT_PROTOTYPES = YES;
				CLANG_WARN_SUSPICIOUS_MOVE = YES;
				CLANG_WARN_UNGUARDED_AVAILABILITY = YES_AGGRESSIVE;
				CLANG_WARN_UNREACHABLE_CODE = YES;
				CLANG_WARN__DUPLICATE_METHOD_MATCH = YES;
				COPY_PHASE_STRIP = NO;
				DEBUG_INFORMATION_FORMAT = dwarf;
				ENABLE_STRICT_OBJC_MSGSEND = YES;
				ENABLE_TESTABILITY = YES;
				GCC_C_LANGUAGE_STANDARD = gnu11;
				GCC_DYNAMIC_NO_PIC = NO;
				GCC_NO_COMMON_BLOCKS = YES;
				GCC_OPTIMIZATION_LEVEL = 0;
				GCC_PREPROCESSOR_DEFINITIONS = (
					"DEBUG=1",
					"$(inherited)",
				);
				GCC_WARN_64_TO_32_BIT_CONVERSION = YES;
				GCC_WARN_ABOUT_RETURN_TYPE = YES_ERROR;
				GCC_WARN_UNDECLARED_SELECTOR = YES;
				GCC_WARN_UNINITIALIZED_AUTOS = YES_AGGRESSIVE;
				GCC_WARN_UNUSED_FUNCTION = YES;
				GCC_WARN_UNUSED_VARIABLE = YES;
				IPHONEOS_DEPLOYMENT_TARGET = 14.5;
				MTL_ENABLE_DEBUG_INFO = INCLUDE_SOURCE;
				MTL_FAST_MATH = YES;
				ONLY_ACTIVE_ARCH = YES;
				SDKROOT = iphoneos;
				SWIFT_ACTIVE_COMPILATION_CONDITIONS = DEBUG;
				SWIFT_OPTIMIZATION_LEVEL = "-Onone";
			};
			name = Debug;
		};
		9FB7311326C3A6EE00A719F5 /* Release */ = {
			isa = XCBuildConfiguration;
			buildSettings = {
				ALWAYS_SEARCH_USER_PATHS = NO;
				CLANG_ANALYZER_NONNULL = YES;
				CLANG_ANALYZER_NUMBER_OBJECT_CONVERSION = YES_AGGRESSIVE;
				CLANG_CXX_LANGUAGE_STANDARD = "gnu++14";
				CLANG_CXX_LIBRARY = "libc++";
				CLANG_ENABLE_MODULES = YES;
				CLANG_ENABLE_OBJC_ARC = YES;
				CLANG_ENABLE_OBJC_WEAK = YES;
				CLANG_WARN_BLOCK_CAPTURE_AUTORELEASING = YES;
				CLANG_WARN_BOOL_CONVERSION = YES;
				CLANG_WARN_COMMA = YES;
				CLANG_WARN_CONSTANT_CONVERSION = YES;
				CLANG_WARN_DEPRECATED_OBJC_IMPLEMENTATIONS = YES;
				CLANG_WARN_DIRECT_OBJC_ISA_USAGE = YES_ERROR;
				CLANG_WARN_DOCUMENTATION_COMMENTS = YES;
				CLANG_WARN_EMPTY_BODY = YES;
				CLANG_WARN_ENUM_CONVERSION = YES;
				CLANG_WARN_INFINITE_RECURSION = YES;
				CLANG_WARN_INT_CONVERSION = YES;
				CLANG_WARN_NON_LITERAL_NULL_CONVERSION = YES;
				CLANG_WARN_OBJC_IMPLICIT_RETAIN_SELF = YES;
				CLANG_WARN_OBJC_LITERAL_CONVERSION = YES;
				CLANG_WARN_OBJC_ROOT_CLASS = YES_ERROR;
				CLANG_WARN_QUOTED_INCLUDE_IN_FRAMEWORK_HEADER = YES;
				CLANG_WARN_RANGE_LOOP_ANALYSIS = YES;
				CLANG_WARN_STRICT_PROTOTYPES = YES;
				CLANG_WARN_SUSPICIOUS_MOVE = YES;
				CLANG_WARN_UNGUARDED_AVAILABILITY = YES_AGGRESSIVE;
				CLANG_WARN_UNREACHABLE_CODE = YES;
				CLANG_WARN__DUPLICATE_METHOD_MATCH = YES;
				COPY_PHASE_STRIP = NO;
				DEBUG_INFORMATION_FORMAT = "dwarf-with-dsym";
				ENABLE_NS_ASSERTIONS = NO;
				ENABLE_STRICT_OBJC_MSGSEND = YES;
				GCC_C_LANGUAGE_STANDARD = gnu11;
				GCC_NO_COMMON_BLOCKS = YES;
				GCC_WARN_64_TO_32_BIT_CONVERSION = YES;
				GCC_WARN_ABOUT_RETURN_TYPE = YES_ERROR;
				GCC_WARN_UNDECLARED_SELECTOR = YES;
				GCC_WARN_UNINITIALIZED_AUTOS = YES_AGGRESSIVE;
				GCC_WARN_UNUSED_FUNCTION = YES;
				GCC_WARN_UNUSED_VARIABLE = YES;
				IPHONEOS_DEPLOYMENT_TARGET = 14.5;
				MTL_ENABLE_DEBUG_INFO = NO;
				MTL_FAST_MATH = YES;
				SDKROOT = iphoneos;
				SWIFT_COMPILATION_MODE = wholemodule;
				SWIFT_OPTIMIZATION_LEVEL = "-O";
				VALIDATE_PRODUCT = YES;
			};
			name = Release;
		};
		9FB7311526C3A6EE00A719F5 /* Debug */ = {
			isa = XCBuildConfiguration;
			buildSettings = {
				ASSETCATALOG_COMPILER_APPICON_NAME = AppIcon;
				ASSETCATALOG_COMPILER_GLOBAL_ACCENT_COLOR_NAME = AccentColor;
				CODE_SIGN_STYLE = Automatic;
				DEVELOPMENT_TEAM = 4L2695C228;
				INFOPLIST_FILE = Weather/SupportingFiles/Info.plist;
				LD_RUNPATH_SEARCH_PATHS = (
					"$(inherited)",
					"@executable_path/Frameworks",
				);
				PRODUCT_BUNDLE_IDENTIFIER = com.tedhyeong.Weather;
				PRODUCT_NAME = "$(TARGET_NAME)";
				SWIFT_VERSION = 5.0;
				TARGETED_DEVICE_FAMILY = "1,2";
			};
			name = Debug;
		};
		9FB7311626C3A6EE00A719F5 /* Release */ = {
			isa = XCBuildConfiguration;
			buildSettings = {
				ASSETCATALOG_COMPILER_APPICON_NAME = AppIcon;
				ASSETCATALOG_COMPILER_GLOBAL_ACCENT_COLOR_NAME = AccentColor;
				CODE_SIGN_STYLE = Automatic;
				DEVELOPMENT_TEAM = 4L2695C228;
				INFOPLIST_FILE = Weather/SupportingFiles/Info.plist;
				LD_RUNPATH_SEARCH_PATHS = (
					"$(inherited)",
					"@executable_path/Frameworks",
				);
				PRODUCT_BUNDLE_IDENTIFIER = com.tedhyeong.Weather;
				PRODUCT_NAME = "$(TARGET_NAME)";
				SWIFT_VERSION = 5.0;
				TARGETED_DEVICE_FAMILY = "1,2";
			};
			name = Release;
		};
		9FB7311826C3A6EE00A719F5 /* Debug */ = {
			isa = XCBuildConfiguration;
			buildSettings = {
				ALWAYS_EMBED_SWIFT_STANDARD_LIBRARIES = YES;
				BUNDLE_LOADER = "$(TEST_HOST)";
				CODE_SIGN_STYLE = Automatic;
				DEVELOPMENT_TEAM = 4L2695C228;
				INFOPLIST_FILE = WeatherTests/Info.plist;
				IPHONEOS_DEPLOYMENT_TARGET = 14.5;
				LD_RUNPATH_SEARCH_PATHS = (
					"$(inherited)",
					"@executable_path/Frameworks",
					"@loader_path/Frameworks",
				);
				PRODUCT_BUNDLE_IDENTIFIER = com.tedhyeong.WeatherTests;
				PRODUCT_NAME = "$(TARGET_NAME)";
				SWIFT_VERSION = 5.0;
				TARGETED_DEVICE_FAMILY = "1,2";
				TEST_HOST = "$(BUILT_PRODUCTS_DIR)/Weather.app/Weather";
			};
			name = Debug;
		};
		9FB7311926C3A6EE00A719F5 /* Release */ = {
			isa = XCBuildConfiguration;
			buildSettings = {
				ALWAYS_EMBED_SWIFT_STANDARD_LIBRARIES = YES;
				BUNDLE_LOADER = "$(TEST_HOST)";
				CODE_SIGN_STYLE = Automatic;
				DEVELOPMENT_TEAM = 4L2695C228;
				INFOPLIST_FILE = WeatherTests/Info.plist;
				IPHONEOS_DEPLOYMENT_TARGET = 14.5;
				LD_RUNPATH_SEARCH_PATHS = (
					"$(inherited)",
					"@executable_path/Frameworks",
					"@loader_path/Frameworks",
				);
				PRODUCT_BUNDLE_IDENTIFIER = com.tedhyeong.WeatherTests;
				PRODUCT_NAME = "$(TARGET_NAME)";
				SWIFT_VERSION = 5.0;
				TARGETED_DEVICE_FAMILY = "1,2";
				TEST_HOST = "$(BUILT_PRODUCTS_DIR)/Weather.app/Weather";
			};
			name = Release;
		};
		9FB7311B26C3A6EE00A719F5 /* Debug */ = {
			isa = XCBuildConfiguration;
			buildSettings = {
				ALWAYS_EMBED_SWIFT_STANDARD_LIBRARIES = YES;
				CODE_SIGN_STYLE = Automatic;
				DEVELOPMENT_TEAM = 4L2695C228;
				INFOPLIST_FILE = WeatherUITests/Info.plist;
				LD_RUNPATH_SEARCH_PATHS = (
					"$(inherited)",
					"@executable_path/Frameworks",
					"@loader_path/Frameworks",
				);
				PRODUCT_BUNDLE_IDENTIFIER = com.tedhyeong.WeatherUITests;
				PRODUCT_NAME = "$(TARGET_NAME)";
				SWIFT_VERSION = 5.0;
				TARGETED_DEVICE_FAMILY = "1,2";
				TEST_TARGET_NAME = Weather;
			};
			name = Debug;
		};
		9FB7311C26C3A6EE00A719F5 /* Release */ = {
			isa = XCBuildConfiguration;
			buildSettings = {
				ALWAYS_EMBED_SWIFT_STANDARD_LIBRARIES = YES;
				CODE_SIGN_STYLE = Automatic;
				DEVELOPMENT_TEAM = 4L2695C228;
				INFOPLIST_FILE = WeatherUITests/Info.plist;
				LD_RUNPATH_SEARCH_PATHS = (
					"$(inherited)",
					"@executable_path/Frameworks",
					"@loader_path/Frameworks",
				);
				PRODUCT_BUNDLE_IDENTIFIER = com.tedhyeong.WeatherUITests;
				PRODUCT_NAME = "$(TARGET_NAME)";
				SWIFT_VERSION = 5.0;
				TARGETED_DEVICE_FAMILY = "1,2";
				TEST_TARGET_NAME = Weather;
			};
			name = Release;
		};
/* End XCBuildConfiguration section */

/* Begin XCConfigurationList section */
		9FB730E226C3A6EC00A719F5 /* Build configuration list for PBXProject "Weather" */ = {
			isa = XCConfigurationList;
			buildConfigurations = (
				9FB7311226C3A6EE00A719F5 /* Debug */,
				9FB7311326C3A6EE00A719F5 /* Release */,
			);
			defaultConfigurationIsVisible = 0;
			defaultConfigurationName = Release;
		};
		9FB7311426C3A6EE00A719F5 /* Build configuration list for PBXNativeTarget "Weather" */ = {
			isa = XCConfigurationList;
			buildConfigurations = (
				9FB7311526C3A6EE00A719F5 /* Debug */,
				9FB7311626C3A6EE00A719F5 /* Release */,
			);
			defaultConfigurationIsVisible = 0;
			defaultConfigurationName = Release;
		};
		9FB7311726C3A6EE00A719F5 /* Build configuration list for PBXNativeTarget "WeatherTests" */ = {
			isa = XCConfigurationList;
			buildConfigurations = (
				9FB7311826C3A6EE00A719F5 /* Debug */,
				9FB7311926C3A6EE00A719F5 /* Release */,
			);
			defaultConfigurationIsVisible = 0;
			defaultConfigurationName = Release;
		};
		9FB7311A26C3A6EE00A719F5 /* Build configuration list for PBXNativeTarget "WeatherUITests" */ = {
			isa = XCConfigurationList;
			buildConfigurations = (
				9FB7311B26C3A6EE00A719F5 /* Debug */,
				9FB7311C26C3A6EE00A719F5 /* Release */,
			);
			defaultConfigurationIsVisible = 0;
			defaultConfigurationName = Release;
		};
/* End XCConfigurationList section */

/* Begin XCVersionGroup section */
		9FB730F326C3A6EC00A719F5 /* Weather.xcdatamodeld */ = {
			isa = XCVersionGroup;
			children = (
				9FB730F426C3A6EC00A719F5 /* Weather.xcdatamodel */,
			);
			currentVersion = 9FB730F426C3A6EC00A719F5 /* Weather.xcdatamodel */;
			path = Weather.xcdatamodeld;
			sourceTree = "<group>";
			versionGroupType = wrapper.xcdatamodel;
		};
/* End XCVersionGroup section */
	};
	rootObject = 9FB730DF26C3A6EC00A719F5 /* Project object */;
}
